// !$*UTF8*$!
{
	archiveVersion = 1;
	classes = {
	};
	objectVersion = 77;
	objects = {

/* Begin PBXBuildFile section */
		BF3DE8702F62C2000058C1AA /* ConstructCore.xcframework in Frameworks */ = {isa = PBXBuildFile; fileRef = BF7098D02F01D3C400CC6F04 /* ConstructCore.xcframework */; settings = {ATTRIBUTES = (CodeSignOnCopy, RemoveHeadersOnCopy, ); }; };
		BF3DE8722F62C2000058C1AA /* GRPCCore in Frameworks */ = {isa = PBXBuildFile; productRef = BF3DE8712F62C2000058C1AA /* GRPCCore */; };
		BF3DE8742F62C2000058C1AA /* GRPCProtobuf in Frameworks */ = {isa = PBXBuildFile; productRef = BF3DE8732F62C2000058C1AA /* GRPCProtobuf */; };
		BF3DE8762F62C2000058C1AA /* GRPCNIOTransportHTTP2 in Frameworks */ = {isa = PBXBuildFile; productRef = BF3DE8752F62C2000058C1AA /* GRPCNIOTransportHTTP2 */; };
		BF3DE8782F62C2000058C1AA /* SwiftProtobuf in Frameworks */ = {isa = PBXBuildFile; productRef = BF3DE8772F62C2000058C1AA /* SwiftProtobuf */; };
		BF7098D12F01D3C400CC6F04 /* ConstructCore.xcframework in Frameworks */ = {isa = PBXBuildFile; fileRef = BF7098D02F01D3C400CC6F04 /* ConstructCore.xcframework */; };
		BF7098D22F01D3C400CC6F04 /* ConstructCore.xcframework in Frameworks */ = {isa = PBXBuildFile; fileRef = BF7098D02F01D3C400CC6F04 /* ConstructCore.xcframework */; };
		BFCB6D932F7C4C4800C59B83 /* WebRTC in Frameworks */ = {isa = PBXBuildFile; productRef = BFCB6D922F7C4C4800C59B83 /* WebRTC */; };
		BFF6FC9D2F4C3E1F00A31F36 /* GRPCCore in Frameworks */ = {isa = PBXBuildFile; productRef = BFF6FC9C2F4C3E1F00A31F36 /* GRPCCore */; };
		BFF6FCF42F4C4CCA00A31F36 /* GRPCProtobuf in Frameworks */ = {isa = PBXBuildFile; productRef = BFF6FCF32F4C4CCA00A31F36 /* GRPCProtobuf */; };
		BFF6FCF92F4C4D6600A31F36 /* GRPCNIOTransportHTTP2 in Frameworks */ = {isa = PBXBuildFile; productRef = BFF6FCF82F4C4D6600A31F36 /* GRPCNIOTransportHTTP2 */; };
		BFF6FD002F4C4E5300A31F36 /* SwiftProtobuf in Frameworks */ = {isa = PBXBuildFile; productRef = BFF6FCFF2F4C4E5300A31F36 /* SwiftProtobuf */; };
/* End PBXBuildFile section */

/* Begin PBXContainerItemProxy section */
		BF3DE83D2F62C1C40058C1AA /* PBXContainerItemProxy */ = {
			isa = PBXContainerItemProxy;
			containerPortal = BF103A672EED889800324CEA /* Project object */;
			proxyType = 1;
			remoteGlobalIDString = BF3DE82F2F62C1C30058C1AA;
			remoteInfo = "Construct Desktop";
		};
		BF3DE8472F62C1C40058C1AA /* PBXContainerItemProxy */ = {
			isa = PBXContainerItemProxy;
			containerPortal = BF103A672EED889800324CEA /* Project object */;
			proxyType = 1;
			remoteGlobalIDString = BF3DE82F2F62C1C30058C1AA;
			remoteInfo = "Construct Desktop";
		};
		BF8A96FE2EFF0FAF009C5EF7 /* PBXContainerItemProxy */ = {
			isa = PBXContainerItemProxy;
			containerPortal = BF103A672EED889800324CEA /* Project object */;
			proxyType = 1;
			remoteGlobalIDString = BF103A6E2EED889800324CEA;
			remoteInfo = ConstructMessenger;
		};
/* End PBXContainerItemProxy section */

/* Begin PBXFileReference section */
		1FC23B2B49E141EBA1C6CE15 /* ConstructMessenger.xcdatamodeld */ = {isa = PBXFileReference; lastKnownFileType = wrapper.xcdatamodeld; name = ConstructMessenger.xcdatamodeld; path = ConstructMessenger/ConstructMessenger.xcdatamodeld; sourceTree = "<group>"; };
		BF103A6F2EED889800324CEA /* Construct Messenger.app */ = {isa = PBXFileReference; explicitFileType = wrapper.application; includeInIndex = 0; path = "Construct Messenger.app"; sourceTree = BUILT_PRODUCTS_DIR; };
		BF3DE8302F62C1C30058C1AA /* Construct Desktop.app */ = {isa = PBXFileReference; explicitFileType = wrapper.application; includeInIndex = 0; path = "Construct Desktop.app"; sourceTree = BUILT_PRODUCTS_DIR; };
		BF3DE83C2F62C1C40058C1AA /* Construct DesktopTests.xctest */ = {isa = PBXFileReference; explicitFileType = wrapper.cfbundle; includeInIndex = 0; path = "Construct DesktopTests.xctest"; sourceTree = BUILT_PRODUCTS_DIR; };
		BF3DE8462F62C1C40058C1AA /* Construct DesktopUITests.xctest */ = {isa = PBXFileReference; explicitFileType = wrapper.cfbundle; includeInIndex = 0; path = "Construct DesktopUITests.xctest"; sourceTree = BUILT_PRODUCTS_DIR; };
		BF7098D02F01D3C400CC6F04 /* ConstructCore.xcframework */ = {isa = PBXFileReference; lastKnownFileType = wrapper.xcframework; path = ConstructCore.xcframework; sourceTree = "<group>"; };
		BF8A96FA2EFF0FAF009C5EF7 /* ConstructMessengerTests.xctest */ = {isa = PBXFileReference; explicitFileType = wrapper.cfbundle; includeInIndex = 0; path = ConstructMessengerTests.xctest; sourceTree = BUILT_PRODUCTS_DIR; };
/* End PBXFileReference section */

/* Begin PBXFileSystemSynchronizedBuildFileExceptionSet section */
		BF1804172F0D59AA001EA291 /* Exceptions for "ConstructMessenger" folder in "Construct Messenger" target */ = {
			isa = PBXFileSystemSynchronizedBuildFileExceptionSet;
			membershipExceptions = (
				Config/Beta.xcconfig,
				Config/Debug.xcconfig,
				Config/Release.xcconfig,
				Info.plist,
			);
			target = BF103A6E2EED889800324CEA /* Construct Messenger */;
		};
		BF1804182F0D59AA001EA291 /* Exceptions for "ConstructMessenger" folder in "Construct Desktop" target */ = {
			isa = PBXFileSystemSynchronizedBuildFileExceptionSet;
			membershipExceptions = (
				AppDelegate.swift,
				Config/Beta.xcconfig,
				Config/Debug.xcconfig,
				Config/Release.xcconfig,
				ConstructMessengerApp.swift,
				ContentView.swift,
				Info.plist,
				Services/BackgroundFetch/BackgroundFetchManager.swift,
				Services/BackgroundFetch/EnergyMonitor.swift,
				Views/Security/DuressPinSetupView.swift,
				Views/Security/PinDisableView.swift,
				Views/Security/PinSetupView.swift,
				Views/Security/RecoverySetupView.swift,
				Views/Settings/AccountSettingsView.swift,
				Views/Settings/BackgroundFetchSettingsView.swift,
				Views/Settings/ContactQRCodeView.swift,
				Views/Settings/SecurityView.swift,
				Views/Settings/SettingsView.swift,
			);
			target = BF3DE82F2F62C1C30058C1AA /* Construct Desktop */;
		};
/* End PBXFileSystemSynchronizedBuildFileExceptionSet section */

/* Begin PBXFileSystemSynchronizedRootGroup section */
		BF103A712EED889800324CEA /* ConstructMessenger */ = {
			isa = PBXFileSystemSynchronizedRootGroup;
			exceptions = (
				BF1804172F0D59AA001EA291 /* Exceptions for "ConstructMessenger" folder in "Construct Messenger" target */,
				BF1804182F0D59AA001EA291 /* Exceptions for "ConstructMessenger" folder in "Construct Desktop" target */,
			);
			path = ConstructMessenger;
			sourceTree = "<group>";
		};
		BF3DE8312F62C1C30058C1AA /* Construct Desktop */ = {
			isa = PBXFileSystemSynchronizedRootGroup;
			path = "Construct Desktop";
			sourceTree = "<group>";
		};
		BF3DE83F2F62C1C40058C1AA /* Construct DesktopTests */ = {
			isa = PBXFileSystemSynchronizedRootGroup;
			path = "Construct DesktopTests";
			sourceTree = "<group>";
		};
		BF3DE8492F62C1C40058C1AA /* Construct DesktopUITests */ = {
			isa = PBXFileSystemSynchronizedRootGroup;
			path = "Construct DesktopUITests";
			sourceTree = "<group>";
		};
		BF8A96FB2EFF0FAF009C5EF7 /* ConstructMessengerTests */ = {
			isa = PBXFileSystemSynchronizedRootGroup;
			path = ConstructMessengerTests;
			sourceTree = "<group>";
		};
/* End PBXFileSystemSynchronizedRootGroup section */

/* Begin PBXFrameworksBuildPhase section */
		BF103A6C2EED889800324CEA /* Frameworks */ = {
			isa = PBXFrameworksBuildPhase;
			buildActionMask = 2147483647;
			files = (
				BFF6FC9D2F4C3E1F00A31F36 /* GRPCCore in Frameworks */,
				BFCB6D932F7C4C4800C59B83 /* WebRTC in Frameworks */,
				BFF6FD002F4C4E5300A31F36 /* SwiftProtobuf in Frameworks */,
				BFF6FCF92F4C4D6600A31F36 /* GRPCNIOTransportHTTP2 in Frameworks */,
				BF7098D12F01D3C400CC6F04 /* ConstructCore.xcframework in Frameworks */,
				BFF6FCF42F4C4CCA00A31F36 /* GRPCProtobuf in Frameworks */,
			);
			runOnlyForDeploymentPostprocessing = 0;
		};
		BF3DE82D2F62C1C30058C1AA /* Frameworks */ = {
			isa = PBXFrameworksBuildPhase;
			buildActionMask = 2147483647;
			files = (
				BF3DE8702F62C2000058C1AA /* ConstructCore.xcframework in Frameworks */,
				BF3DE8722F62C2000058C1AA /* GRPCCore in Frameworks */,
				BF3DE8742F62C2000058C1AA /* GRPCProtobuf in Frameworks */,
				BF3DE8762F62C2000058C1AA /* GRPCNIOTransportHTTP2 in Frameworks */,
				BF3DE8782F62C2000058C1AA /* SwiftProtobuf in Frameworks */,
			);
			runOnlyForDeploymentPostprocessing = 0;
		};
		BF3DE8392F62C1C40058C1AA /* Frameworks */ = {
			isa = PBXFrameworksBuildPhase;
			buildActionMask = 2147483647;
			files = (
			);
			runOnlyForDeploymentPostprocessing = 0;
		};
		BF3DE8432F62C1C40058C1AA /* Frameworks */ = {
			isa = PBXFrameworksBuildPhase;
			buildActionMask = 2147483647;
			files = (
			);
			runOnlyForDeploymentPostprocessing = 0;
		};
		BF8A96F72EFF0FAF009C5EF7 /* Frameworks */ = {
			isa = PBXFrameworksBuildPhase;
			buildActionMask = 2147483647;
			files = (
				BF7098D22F01D3C400CC6F04 /* ConstructCore.xcframework in Frameworks */,
			);
			runOnlyForDeploymentPostprocessing = 0;
		};
/* End PBXFrameworksBuildPhase section */

/* Begin PBXGroup section */
		BF103A662EED889800324CEA = {
			isa = PBXGroup;
			children = (
				BF103A712EED889800324CEA /* ConstructMessenger */,
				BF8A96FB2EFF0FAF009C5EF7 /* ConstructMessengerTests */,
				BF3DE8312F62C1C30058C1AA /* Construct Desktop */,
				BF3DE83F2F62C1C40058C1AA /* Construct DesktopTests */,
				BF3DE8492F62C1C40058C1AA /* Construct DesktopUITests */,
				BF5F2DF92EF96B1C00BB01C5 /* Frameworks */,
				BF103A702EED889800324CEA /* Products */,
			);
			sourceTree = "<group>";
		};
		BF103A702EED889800324CEA /* Products */ = {
			isa = PBXGroup;
			children = (
				BF103A6F2EED889800324CEA /* Construct Messenger.app */,
				BF8A96FA2EFF0FAF009C5EF7 /* ConstructMessengerTests.xctest */,
				BF3DE8302F62C1C30058C1AA /* Construct Desktop.app */,
				BF3DE83C2F62C1C40058C1AA /* Construct DesktopTests.xctest */,
				BF3DE8462F62C1C40058C1AA /* Construct DesktopUITests.xctest */,
			);
			name = Products;
			sourceTree = "<group>";
		};
		BF5F2DF92EF96B1C00BB01C5 /* Frameworks */ = {
			isa = PBXGroup;
			children = (
				1FC23B2B49E141EBA1C6CE15 /* ConstructMessenger.xcdatamodeld */,
				BF7098D02F01D3C400CC6F04 /* ConstructCore.xcframework */,
			);
			name = Frameworks;
			sourceTree = "<group>";
		};
/* End PBXGroup section */

/* Begin PBXNativeTarget section */
		BF103A6E2EED889800324CEA /* Construct Messenger */ = {
			isa = PBXNativeTarget;
			buildConfigurationList = BF103A7C2EED889800324CEA /* Build configuration list for PBXNativeTarget "Construct Messenger" */;
			buildPhases = (
				BF103A6B2EED889800324CEA /* Sources */,
				BF103A6C2EED889800324CEA /* Frameworks */,
				BF103A6D2EED889800324CEA /* Resources */,
			);
			buildRules = (
			);
			dependencies = (
			);
			fileSystemSynchronizedGroups = (
				BF103A712EED889800324CEA /* ConstructMessenger */,
			);
			name = "Construct Messenger";
			packageProductDependencies = (
				BFF6FC9C2F4C3E1F00A31F36 /* GRPCCore */,
				BFF6FCF32F4C4CCA00A31F36 /* GRPCProtobuf */,
				BFF6FCF82F4C4D6600A31F36 /* GRPCNIOTransportHTTP2 */,
				BFF6FCFF2F4C4E5300A31F36 /* SwiftProtobuf */,
				BFCB6D922F7C4C4800C59B83 /* WebRTC */,
			);
			productName = "Construct Messenger";
			productReference = BF103A6F2EED889800324CEA /* Construct Messenger.app */;
			productType = "com.apple.product-type.application";
		};
		BF3DE82F2F62C1C30058C1AA /* Construct Desktop */ = {
			isa = PBXNativeTarget;
			buildConfigurationList = BF3DE84E2F62C1C40058C1AA /* Build configuration list for PBXNativeTarget "Construct Desktop" */;
			buildPhases = (
				BF3DE82C2F62C1C30058C1AA /* Sources */,
				BF3DE82D2F62C1C30058C1AA /* Frameworks */,
				BF3DE82E2F62C1C30058C1AA /* Resources */,
			);
			buildRules = (
			);
			dependencies = (
			);
			fileSystemSynchronizedGroups = (
				BF103A712EED889800324CEA /* ConstructMessenger */,
				BF3DE8312F62C1C30058C1AA /* Construct Desktop */,
			);
			name = "Construct Desktop";
			packageProductDependencies = (
				BF3DE8712F62C2000058C1AA /* GRPCCore */,
				BF3DE8732F62C2000058C1AA /* GRPCProtobuf */,
				BF3DE8752F62C2000058C1AA /* GRPCNIOTransportHTTP2 */,
				BF3DE8772F62C2000058C1AA /* SwiftProtobuf */,
			);
			productName = "Construct Desktop";
			productReference = BF3DE8302F62C1C30058C1AA /* Construct Desktop.app */;
			productType = "com.apple.product-type.application";
		};
		BF3DE83B2F62C1C40058C1AA /* Construct DesktopTests */ = {
			isa = PBXNativeTarget;
			buildConfigurationList = BF3DE8522F62C1C40058C1AA /* Build configuration list for PBXNativeTarget "Construct DesktopTests" */;
			buildPhases = (
				BF3DE8382F62C1C40058C1AA /* Sources */,
				BF3DE8392F62C1C40058C1AA /* Frameworks */,
				BF3DE83A2F62C1C40058C1AA /* Resources */,
			);
			buildRules = (
			);
			dependencies = (
				BF3DE83E2F62C1C40058C1AA /* PBXTargetDependency */,
			);
			fileSystemSynchronizedGroups = (
				BF3DE83F2F62C1C40058C1AA /* Construct DesktopTests */,
			);
			name = "Construct DesktopTests";
			packageProductDependencies = (
			);
			productName = "Construct DesktopTests";
			productReference = BF3DE83C2F62C1C40058C1AA /* Construct DesktopTests.xctest */;
			productType = "com.apple.product-type.bundle.unit-test";
		};
		BF3DE8452F62C1C40058C1AA /* Construct DesktopUITests */ = {
			isa = PBXNativeTarget;
			buildConfigurationList = BF3DE8562F62C1C40058C1AA /* Build configuration list for PBXNativeTarget "Construct DesktopUITests" */;
			buildPhases = (
				BF3DE8422F62C1C40058C1AA /* Sources */,
				BF3DE8432F62C1C40058C1AA /* Frameworks */,
				BF3DE8442F62C1C40058C1AA /* Resources */,
			);
			buildRules = (
			);
			dependencies = (
				BF3DE8482F62C1C40058C1AA /* PBXTargetDependency */,
			);
			fileSystemSynchronizedGroups = (
				BF3DE8492F62C1C40058C1AA /* Construct DesktopUITests */,
			);
			name = "Construct DesktopUITests";
			packageProductDependencies = (
			);
			productName = "Construct DesktopUITests";
			productReference = BF3DE8462F62C1C40058C1AA /* Construct DesktopUITests.xctest */;
			productType = "com.apple.product-type.bundle.ui-testing";
		};
		BF8A96F92EFF0FAF009C5EF7 /* ConstructMessengerTests */ = {
			isa = PBXNativeTarget;
			buildConfigurationList = BF8A97002EFF0FAF009C5EF7 /* Build configuration list for PBXNativeTarget "ConstructMessengerTests" */;
			buildPhases = (
				BF8A96F62EFF0FAF009C5EF7 /* Sources */,
				BF8A96F72EFF0FAF009C5EF7 /* Frameworks */,
				BF8A96F82EFF0FAF009C5EF7 /* Resources */,
			);
			buildRules = (
			);
			dependencies = (
				BF8A96FF2EFF0FAF009C5EF7 /* PBXTargetDependency */,
			);
			fileSystemSynchronizedGroups = (
				BF8A96FB2EFF0FAF009C5EF7 /* ConstructMessengerTests */,
			);
			name = ConstructMessengerTests;
			packageProductDependencies = (
			);
			productName = ConstructMessengerTests;
			productReference = BF8A96FA2EFF0FAF009C5EF7 /* ConstructMessengerTests.xctest */;
			productType = "com.apple.product-type.bundle.unit-test";
		};
/* End PBXNativeTarget section */

/* Begin PBXProject section */
		BF103A672EED889800324CEA /* Project object */ = {
			isa = PBXProject;
			attributes = {
				BuildIndependentTargetsInParallel = 1;
				LastSwiftUpdateCheck = 2630;
				LastUpgradeCheck = 2630;
				TargetAttributes = {
					BF103A6E2EED889800324CEA = {
						CreatedOnToolsVersion = 26.1.1;
					};
					BF3DE82F2F62C1C30058C1AA = {
						CreatedOnToolsVersion = 26.3;
					};
					BF3DE83B2F62C1C40058C1AA = {
						CreatedOnToolsVersion = 26.3;
						TestTargetID = BF3DE82F2F62C1C30058C1AA;
					};
					BF3DE8452F62C1C40058C1AA = {
						CreatedOnToolsVersion = 26.3;
						TestTargetID = BF3DE82F2F62C1C30058C1AA;
					};
					BF8A96F92EFF0FAF009C5EF7 = {
						CreatedOnToolsVersion = 26.2;
						TestTargetID = BF103A6E2EED889800324CEA;
					};
				};
			};
			buildConfigurationList = BF103A6A2EED889800324CEA /* Build configuration list for PBXProject "ConstructMessenger" */;
			developmentRegion = en;
			hasScannedForEncodings = 0;
			knownRegions = (
				en,
				Base,
				ru,
			);
			mainGroup = BF103A662EED889800324CEA;
			minimizedProjectReferenceProxies = 1;
			packageReferences = (
				BFF6FD0A2F5C000000A31F36 /* XCRemoteSwiftPackageReference "grpc-swift-2" */,
				BFF6FCF22F4C4CCA00A31F36 /* XCRemoteSwiftPackageReference "grpc-swift-protobuf" */,
				BFF6FCF72F4C4D6600A31F36 /* XCRemoteSwiftPackageReference "grpc-swift-nio-transport" */,
				BFF6FCFE2F4C4E5300A31F36 /* XCRemoteSwiftPackageReference "swift-protobuf" */,
				BFCB6D912F7C4C4800C59B83 /* XCRemoteSwiftPackageReference "WebRTC" */,
			);
			preferredProjectObjectVersion = 77;
			productRefGroup = BF103A702EED889800324CEA /* Products */;
			projectDirPath = "";
			projectRoot = "";
			targets = (
				BF103A6E2EED889800324CEA /* Construct Messenger */,
				BF8A96F92EFF0FAF009C5EF7 /* ConstructMessengerTests */,
				BF3DE82F2F62C1C30058C1AA /* Construct Desktop */,
				BF3DE83B2F62C1C40058C1AA /* Construct DesktopTests */,
				BF3DE8452F62C1C40058C1AA /* Construct DesktopUITests */,
			);
		};
/* End PBXProject section */

/* Begin PBXResourcesBuildPhase section */
		BF103A6D2EED889800324CEA /* Resources */ = {
			isa = PBXResourcesBuildPhase;
			buildActionMask = 2147483647;
			files = (
			);
			runOnlyForDeploymentPostprocessing = 0;
		};
		BF3DE82E2F62C1C30058C1AA /* Resources */ = {
			isa = PBXResourcesBuildPhase;
			buildActionMask = 2147483647;
			files = (
			);
			runOnlyForDeploymentPostprocessing = 0;
		};
		BF3DE83A2F62C1C40058C1AA /* Resources */ = {
			isa = PBXResourcesBuildPhase;
			buildActionMask = 2147483647;
			files = (
			);
			runOnlyForDeploymentPostprocessing = 0;
		};
		BF3DE8442F62C1C40058C1AA /* Resources */ = {
			isa = PBXResourcesBuildPhase;
			buildActionMask = 2147483647;
			files = (
			);
			runOnlyForDeploymentPostprocessing = 0;
		};
		BF8A96F82EFF0FAF009C5EF7 /* Resources */ = {
			isa = PBXResourcesBuildPhase;
			buildActionMask = 2147483647;
			files = (
			);
			runOnlyForDeploymentPostprocessing = 0;
		};
/* End PBXResourcesBuildPhase section */

/* Begin PBXSourcesBuildPhase section */
		BF103A6B2EED889800324CEA /* Sources */ = {
			isa = PBXSourcesBuildPhase;
			buildActionMask = 2147483647;
			files = (
			);
			runOnlyForDeploymentPostprocessing = 0;
		};
		BF3DE82C2F62C1C30058C1AA /* Sources */ = {
			isa = PBXSourcesBuildPhase;
			buildActionMask = 2147483647;
			files = (
			);
			runOnlyForDeploymentPostprocessing = 0;
		};
		BF3DE8382F62C1C40058C1AA /* Sources */ = {
			isa = PBXSourcesBuildPhase;
			buildActionMask = 2147483647;
			files = (
			);
			runOnlyForDeploymentPostprocessing = 0;
		};
		BF3DE8422F62C1C40058C1AA /* Sources */ = {
			isa = PBXSourcesBuildPhase;
			buildActionMask = 2147483647;
			files = (
			);
			runOnlyForDeploymentPostprocessing = 0;
		};
		BF8A96F62EFF0FAF009C5EF7 /* Sources */ = {
			isa = PBXSourcesBuildPhase;
			buildActionMask = 2147483647;
			files = (
			);
			runOnlyForDeploymentPostprocessing = 0;
		};
/* End PBXSourcesBuildPhase section */

/* Begin PBXTargetDependency section */
		BF3DE83E2F62C1C40058C1AA /* PBXTargetDependency */ = {
			isa = PBXTargetDependency;
			target = BF3DE82F2F62C1C30058C1AA /* Construct Desktop */;
			targetProxy = BF3DE83D2F62C1C40058C1AA /* PBXContainerItemProxy */;
		};
		BF3DE8482F62C1C40058C1AA /* PBXTargetDependency */ = {
			isa = PBXTargetDependency;
			target = BF3DE82F2F62C1C30058C1AA /* Construct Desktop */;
			targetProxy = BF3DE8472F62C1C40058C1AA /* PBXContainerItemProxy */;
		};
		BF8A96FF2EFF0FAF009C5EF7 /* PBXTargetDependency */ = {
			isa = PBXTargetDependency;
			target = BF103A6E2EED889800324CEA /* Construct Messenger */;
			targetProxy = BF8A96FE2EFF0FAF009C5EF7 /* PBXContainerItemProxy */;
		};
/* End PBXTargetDependency section */

/* Begin XCBuildConfiguration section */
		A6C39B042EED889800324CEA /* Beta */ = {
			isa = XCBuildConfiguration;
			baseConfigurationReferenceAnchor = BF103A712EED889800324CEA /* ConstructMessenger */;
			baseConfigurationReferenceRelativePath = Config/Beta.xcconfig;
			buildSettings = {
				BUNDLE_LOADER = "$(TEST_HOST)";
				CODE_SIGN_STYLE = Automatic;
				CURRENT_PROJECT_VERSION = 1;
				DEVELOPMENT_TEAM = PK2473XF3P;
				GENERATE_INFOPLIST_FILE = YES;
				IPHONEOS_DEPLOYMENT_TARGET = 18.5;
				LIBRARY_SEARCH_PATHS = (
					"$(inherited)",
					"$(PROJECT_DIR)",
				);
				MARKETING_VERSION = 1.0;
				PRODUCT_BUNDLE_IDENTIFIER = maximeliseyev.ConstructMessengerTests;
				PRODUCT_NAME = "$(TARGET_NAME)";
				STRING_CATALOG_GENERATE_SYMBOLS = NO;
				SUPPORTED_PLATFORMS = "iphoneos iphonesimulator";
				SUPPORTS_MACCATALYST = NO;
				SUPPORTS_MAC_DESIGNED_FOR_IPHONE_IPAD = NO;
				SUPPORTS_XR_DESIGNED_FOR_IPHONE_IPAD = NO;
				SWIFT_APPROACHABLE_CONCURRENCY = YES;
				SWIFT_EMIT_LOC_STRINGS = NO;
				SWIFT_UPCOMING_FEATURE_MEMBER_IMPORT_VISIBILITY = YES;
				SWIFT_VERSION = 5.0;
				TARGETED_DEVICE_FAMILY = 1;
				TEST_HOST = "$(BUILT_PRODUCTS_DIR)/ConstructMessenger.app/$(BUNDLE_EXECUTABLE_FOLDER_PATH)/ConstructMessenger";
			};
			name = Beta;
		};
		B0AB8C452EED889800324CEA /* Beta */ = {
			isa = XCBuildConfiguration;
			baseConfigurationReferenceAnchor = BF103A712EED889800324CEA /* ConstructMessenger */;
			baseConfigurationReferenceRelativePath = Config/Beta.xcconfig;
			buildSettings = {
				ASSETCATALOG_COMPILER_APPICON_NAME = AppIcon;
				ASSETCATALOG_COMPILER_GLOBAL_ACCENT_COLOR_NAME = AccentColor;
				CODE_SIGN_ENTITLEMENTS = ConstructMessenger/ConstructMessenger.entitlements;
				CODE_SIGN_STYLE = Automatic;
				CURRENT_PROJECT_VERSION = 282;
				DEVELOPMENT_TEAM = PK2473XF3P;
				ENABLE_PREVIEWS = YES;
				GENERATE_INFOPLIST_FILE = YES;
				HEADER_SEARCH_PATHS = "$(PROJECT_DIR)/ConstructMessenger";
				INFOPLIST_FILE = ConstructMessenger/Info.plist;
				INFOPLIST_KEY_BGTaskSchedulerPermittedIdentifiers = "com.construct.message-refresh com.construct.maintenance";
				INFOPLIST_KEY_CFBundleDisplayName = Konstruct;
				INFOPLIST_KEY_DEFAULT_SERVER_URL = "https://ams.kostruct.cc";
				INFOPLIST_KEY_ITSAppUsesNonExemptEncryption = NO;
				INFOPLIST_KEY_LSApplicationCategoryType = "public.app-category.social-networking";
				INFOPLIST_KEY_NSCameraUsageDescription = "Construct Messenger needs access to your camera to send photos and videos.";
				INFOPLIST_KEY_NSFaceIDUsageDescription = "Use Face ID to unlock Construct Messenger.";
				INFOPLIST_KEY_NSLocalNetworkUsageDescription = "Construct Messenger needs access to your local network to check network connectivity and ensure reliable message delivery.";
				INFOPLIST_KEY_NSMicrophoneUsageDescription = "Construct Messenger needs microphone access to record voice messages.";
				INFOPLIST_KEY_NSPhotoLibraryAddUsageDescription = "Construct Messenger needs access to save received photos to your library.";
				INFOPLIST_KEY_NSPhotoLibraryUsageDescription = "Construct Messenger needs access to your photo library to send photos and videos.";
				INFOPLIST_KEY_UIApplicationSceneManifest_Generation = YES;
				INFOPLIST_KEY_UIApplicationSupportsIndirectInputEvents = YES;
				INFOPLIST_KEY_UIBackgroundModes = "fetch remote-notification";
				INFOPLIST_KEY_UILaunchScreen_Generation = YES;
				INFOPLIST_KEY_UISupportedInterfaceOrientations = UIInterfaceOrientationPortrait;
				INFOPLIST_KEY_UISupportedInterfaceOrientations_iPad = "UIInterfaceOrientationLandscapeLeft UIInterfaceOrientationLandscapeRight UIInterfaceOrientationPortrait UIInterfaceOrientationPortraitUpsideDown";
				INFOPLIST_KEY_UIUserInterfaceStyle = Automatic;
				IPHONEOS_DEPLOYMENT_TARGET = 18.5;
				LD_RUNPATH_SEARCH_PATHS = (
					"$(inherited)",
					"@executable_path/Frameworks",
				);
				LIBRARY_SEARCH_PATHS = (
					"$(PROJECT_DIR)",
					"$(PROJECT_DIR)/target/aarch64-apple-ios/release",
					"$(PROJECT_DIR)/target/aarch64-apple-ios-sim/release",
					"$(PROJECT_DIR)/target/aarch64-apple-ios-macabi/release",
				);
				MACOSX_DEPLOYMENT_TARGET = 15.0;
				MARKETING_VERSION = 0.11.21;
				PRODUCT_BUNDLE_IDENTIFIER = maximeliseyev.constructmessenger;
				PRODUCT_NAME = "$(TARGET_NAME)";
				STRING_CATALOG_GENERATE_SYMBOLS = YES;
				SUPPORTED_PLATFORMS = "iphoneos iphonesimulator maccatalyst";
				SUPPORTS_MACCATALYST = NO;
				SUPPORTS_MAC_DESIGNED_FOR_IPHONE_IPAD = NO;
				SUPPORTS_XR_DESIGNED_FOR_IPHONE_IPAD = NO;
				SWIFT_EMIT_LOC_STRINGS = YES;
				SWIFT_INCLUDE_PATHS = "$(PROJECT_DIR)";
				SWIFT_OBJC_BRIDGING_HEADER = "/Users/maximeliseyev/Code/construct-messenger/ConstructMessenger/ConstructMessenger-Bridging-Header.h";
				SWIFT_VERSION = 5.7;
				TARGETED_DEVICE_FAMILY = "1,2,6";
			};
			name = Beta;
		};
		BF103A7A2EED889800324CEA /* Debug */ = {
			isa = XCBuildConfiguration;
			baseConfigurationReferenceAnchor = BF103A712EED889800324CEA /* ConstructMessenger */;
			baseConfigurationReferenceRelativePath = Config/Debug.xcconfig;
			buildSettings = {
				ALWAYS_SEARCH_USER_PATHS = NO;
				ASSETCATALOG_COMPILER_GENERATE_SWIFT_ASSET_SYMBOL_EXTENSIONS = YES;
				CLANG_ANALYZER_LOCALIZABILITY_NONLOCALIZED = YES;
				CLANG_ANALYZER_NONNULL = YES;
				CLANG_ANALYZER_NUMBER_OBJECT_CONVERSION = YES_AGGRESSIVE;
				CLANG_CXX_LANGUAGE_STANDARD = "gnu++20";
				CLANG_ENABLE_MODULES = YES;
				CLANG_ENABLE_OBJC_ARC = YES;
				CLANG_ENABLE_OBJC_WEAK = YES;
				CLANG_WARN_BLOCK_CAPTURE_AUTORELEASING = YES;
				CLANG_WARN_BOOL_CONVERSION = YES;
				CLANG_WARN_COMMA = YES;
				CLANG_WARN_CONSTANT_CONVERSION = YES;
				CLANG_WARN_DEPRECATED_OBJC_IMPLEMENTATIONS = YES;
				CLANG_WARN_DIRECT_OBJC_ISA_USAGE = YES_ERROR;
				CLANG_WARN_DOCUMENTATION_COMMENTS = YES;
				CLANG_WARN_EMPTY_BODY = YES;
				CLANG_WARN_ENUM_CONVERSION = YES;
				CLANG_WARN_INFINITE_RECURSION = YES;
				CLANG_WARN_INT_CONVERSION = YES;
				CLANG_WARN_NON_LITERAL_NULL_CONVERSION = YES;
				CLANG_WARN_OBJC_IMPLICIT_RETAIN_SELF = YES;
				CLANG_WARN_OBJC_LITERAL_CONVERSION = YES;
				CLANG_WARN_OBJC_ROOT_CLASS = YES_ERROR;
				CLANG_WARN_QUOTED_INCLUDE_IN_FRAMEWORK_HEADER = YES;
				CLANG_WARN_RANGE_LOOP_ANALYSIS = YES;
				CLANG_WARN_STRICT_PROTOTYPES = YES;
				CLANG_WARN_SUSPICIOUS_MOVE = YES;
				CLANG_WARN_UNGUARDED_AVAILABILITY = YES_AGGRESSIVE;
				CLANG_WARN_UNREACHABLE_CODE = YES;
				CLANG_WARN__DUPLICATE_METHOD_MATCH = YES;
				COPY_PHASE_STRIP = NO;
				DEBUG_INFORMATION_FORMAT = dwarf;
				DEVELOPMENT_TEAM = PK2473XF3P;
				ENABLE_STRICT_OBJC_MSGSEND = YES;
				ENABLE_TESTABILITY = YES;
				ENABLE_USER_SCRIPT_SANDBOXING = YES;
				GCC_C_LANGUAGE_STANDARD = gnu17;
				GCC_DYNAMIC_NO_PIC = NO;
				GCC_NO_COMMON_BLOCKS = YES;
				GCC_OPTIMIZATION_LEVEL = 0;
				GCC_PREPROCESSOR_DEFINITIONS = (
					"DEBUG=1",
					"$(inherited)",
				);
				GCC_WARN_64_TO_32_BIT_CONVERSION = YES;
				GCC_WARN_ABOUT_RETURN_TYPE = YES_ERROR;
				GCC_WARN_UNDECLARED_SELECTOR = YES;
				GCC_WARN_UNINITIALIZED_AUTOS = YES_AGGRESSIVE;
				GCC_WARN_UNUSED_FUNCTION = YES;
				GCC_WARN_UNUSED_VARIABLE = YES;
				IPHONEOS_DEPLOYMENT_TARGET = 26.1;
				LOCALIZATION_PREFERS_STRING_CATALOGS = YES;
				MTL_ENABLE_DEBUG_INFO = INCLUDE_SOURCE;
				MTL_FAST_MATH = YES;
				ONLY_ACTIVE_ARCH = YES;
				SDKROOT = iphoneos;
				STRING_CATALOG_GENERATE_SYMBOLS = YES;
				SWIFT_ACTIVE_COMPILATION_CONDITIONS = "DEBUG $(inherited)";
				SWIFT_OPTIMIZATION_LEVEL = "-Onone";
			};
			name = Debug;
		};
		BF103A7B2EED889800324CEA /* Release */ = {
			isa = XCBuildConfiguration;
			baseConfigurationReferenceAnchor = BF103A712EED889800324CEA /* ConstructMessenger */;
			baseConfigurationReferenceRelativePath = Config/Release.xcconfig;
			buildSettings = {
				ALWAYS_SEARCH_USER_PATHS = NO;
				ASSETCATALOG_COMPILER_GENERATE_SWIFT_ASSET_SYMBOL_EXTENSIONS = YES;
				CLANG_ANALYZER_LOCALIZABILITY_NONLOCALIZED = YES;
				CLANG_ANALYZER_NONNULL = YES;
				CLANG_ANALYZER_NUMBER_OBJECT_CONVERSION = YES_AGGRESSIVE;
				CLANG_CXX_LANGUAGE_STANDARD = "gnu++20";
				CLANG_ENABLE_MODULES = YES;
				CLANG_ENABLE_OBJC_ARC = YES;
				CLANG_ENABLE_OBJC_WEAK = YES;
				CLANG_WARN_BLOCK_CAPTURE_AUTORELEASING = YES;
				CLANG_WARN_BOOL_CONVERSION = YES;
				CLANG_WARN_COMMA = YES;
				CLANG_WARN_CONSTANT_CONVERSION = YES;
				CLANG_WARN_DEPRECATED_OBJC_IMPLEMENTATIONS = YES;
				CLANG_WARN_DIRECT_OBJC_ISA_USAGE = YES_ERROR;
				CLANG_WARN_DOCUMENTATION_COMMENTS = YES;
				CLANG_WARN_EMPTY_BODY = YES;
				CLANG_WARN_ENUM_CONVERSION = YES;
				CLANG_WARN_INFINITE_RECURSION = YES;
				CLANG_WARN_INT_CONVERSION = YES;
				CLANG_WARN_NON_LITERAL_NULL_CONVERSION = YES;
				CLANG_WARN_OBJC_IMPLICIT_RETAIN_SELF = YES;
				CLANG_WARN_OBJC_LITERAL_CONVERSION = YES;
				CLANG_WARN_OBJC_ROOT_CLASS = YES_ERROR;
				CLANG_WARN_QUOTED_INCLUDE_IN_FRAMEWORK_HEADER = YES;
				CLANG_WARN_RANGE_LOOP_ANALYSIS = YES;
				CLANG_WARN_STRICT_PROTOTYPES = YES;
				CLANG_WARN_SUSPICIOUS_MOVE = YES;
				CLANG_WARN_UNGUARDED_AVAILABILITY = YES_AGGRESSIVE;
				CLANG_WARN_UNREACHABLE_CODE = YES;
				CLANG_WARN__DUPLICATE_METHOD_MATCH = YES;
				COPY_PHASE_STRIP = NO;
				DEBUG_INFORMATION_FORMAT = "dwarf-with-dsym";
				DEVELOPMENT_TEAM = PK2473XF3P;
				ENABLE_NS_ASSERTIONS = NO;
				ENABLE_STRICT_OBJC_MSGSEND = YES;
				ENABLE_USER_SCRIPT_SANDBOXING = YES;
				GCC_C_LANGUAGE_STANDARD = gnu17;
				GCC_NO_COMMON_BLOCKS = YES;
				GCC_WARN_64_TO_32_BIT_CONVERSION = YES;
				GCC_WARN_ABOUT_RETURN_TYPE = YES_ERROR;
				GCC_WARN_UNDECLARED_SELECTOR = YES;
				GCC_WARN_UNINITIALIZED_AUTOS = YES_AGGRESSIVE;
				GCC_WARN_UNUSED_FUNCTION = YES;
				GCC_WARN_UNUSED_VARIABLE = YES;
				IPHONEOS_DEPLOYMENT_TARGET = 26.1;
				LOCALIZATION_PREFERS_STRING_CATALOGS = YES;
				MTL_ENABLE_DEBUG_INFO = NO;
				MTL_FAST_MATH = YES;
				SDKROOT = iphoneos;
				STRING_CATALOG_GENERATE_SYMBOLS = YES;
				SWIFT_COMPILATION_MODE = wholemodule;
				VALIDATE_PRODUCT = YES;
			};
			name = Release;
		};
		BF103A7D2EED889800324CEA /* Debug */ = {
			isa = XCBuildConfiguration;
			baseConfigurationReferenceAnchor = BF103A712EED889800324CEA /* ConstructMessenger */;
			baseConfigurationReferenceRelativePath = Config/Debug.xcconfig;
			buildSettings = {
				ASSETCATALOG_COMPILER_APPICON_NAME = AppIcon;
				ASSETCATALOG_COMPILER_GLOBAL_ACCENT_COLOR_NAME = AccentColor;
				CODE_SIGN_ENTITLEMENTS = ConstructMessenger/ConstructMessenger.entitlements;
				CODE_SIGN_STYLE = Automatic;
				CURRENT_PROJECT_VERSION = 282;
				DEVELOPMENT_TEAM = PK2473XF3P;
				ENABLE_PREVIEWS = YES;
				GENERATE_INFOPLIST_FILE = YES;
				HEADER_SEARCH_PATHS = "$(PROJECT_DIR)/ConstructMessenger";
				INFOPLIST_FILE = ConstructMessenger/Info.plist;
				INFOPLIST_KEY_BGTaskSchedulerPermittedIdentifiers = "com.construct.message-refresh com.construct.maintenance";
				INFOPLIST_KEY_CFBundleDisplayName = Konstruct;
				INFOPLIST_KEY_DEFAULT_SERVER_URL = "https://ams.kostruct.cc";
				INFOPLIST_KEY_ITSAppUsesNonExemptEncryption = NO;
				INFOPLIST_KEY_LSApplicationCategoryType = "public.app-category.social-networking";
				INFOPLIST_KEY_NSCameraUsageDescription = "Construct Messenger needs access to your camera to send photos and videos.";
				INFOPLIST_KEY_NSFaceIDUsageDescription = "Use Face ID to unlock Construct Messenger.";
				INFOPLIST_KEY_NSLocalNetworkUsageDescription = "Construct Messenger needs access to your local network to check network connectivity and ensure reliable message delivery.";
				INFOPLIST_KEY_NSMicrophoneUsageDescription = "Construct Messenger needs microphone access to record voice messages.";
				INFOPLIST_KEY_NSPhotoLibraryAddUsageDescription = "Construct Messenger needs access to save received photos to your library.";
				INFOPLIST_KEY_NSPhotoLibraryUsageDescription = "Construct Messenger needs access to your photo library to send photos and videos.";
				INFOPLIST_KEY_UIApplicationSceneManifest_Generation = YES;
				INFOPLIST_KEY_UIApplicationSupportsIndirectInputEvents = YES;
				INFOPLIST_KEY_UIBackgroundModes = "fetch remote-notification";
				INFOPLIST_KEY_UILaunchScreen_Generation = YES;
				INFOPLIST_KEY_UISupportedInterfaceOrientations = UIInterfaceOrientationPortrait;
				INFOPLIST_KEY_UISupportedInterfaceOrientations_iPad = "UIInterfaceOrientationLandscapeLeft UIInterfaceOrientationLandscapeRight UIInterfaceOrientationPortrait UIInterfaceOrientationPortraitUpsideDown";
				INFOPLIST_KEY_UIUserInterfaceStyle = Automatic;
				IPHONEOS_DEPLOYMENT_TARGET = 18.5;
				LD_RUNPATH_SEARCH_PATHS = (
					"$(inherited)",
					"@executable_path/Frameworks",
				);
				LIBRARY_SEARCH_PATHS = (
					"$(PROJECT_DIR)",
					"$(PROJECT_DIR)/target/aarch64-apple-ios/release",
					"$(PROJECT_DIR)/target/aarch64-apple-ios-sim/release",
					"$(PROJECT_DIR)/target/aarch64-apple-ios-macabi/release",
				);
				MACOSX_DEPLOYMENT_TARGET = 15.0;
				MARKETING_VERSION = 0.11.21;
				PRODUCT_BUNDLE_IDENTIFIER = maximeliseyev.constructmessenger;
				PRODUCT_NAME = "$(TARGET_NAME)";
				STRING_CATALOG_GENERATE_SYMBOLS = YES;
				SUPPORTED_PLATFORMS = "iphoneos iphonesimulator maccatalyst";
				SUPPORTS_MACCATALYST = NO;
				SUPPORTS_MAC_DESIGNED_FOR_IPHONE_IPAD = NO;
				SUPPORTS_XR_DESIGNED_FOR_IPHONE_IPAD = NO;
				SWIFT_EMIT_LOC_STRINGS = YES;
				SWIFT_INCLUDE_PATHS = "$(PROJECT_DIR)";
				SWIFT_OBJC_BRIDGING_HEADER = "/Users/maximeliseyev/Code/construct-messenger/ConstructMessenger/ConstructMessenger-Bridging-Header.h";
				SWIFT_VERSION = 5.7;
				TARGETED_DEVICE_FAMILY = "1,2,6";
			};
			name = Debug;
		};
		BF103A7E2EED889800324CEA /* Release */ = {
			isa = XCBuildConfiguration;
			baseConfigurationReferenceAnchor = BF103A712EED889800324CEA /* ConstructMessenger */;
			baseConfigurationReferenceRelativePath = Config/Release.xcconfig;
			buildSettings = {
				ASSETCATALOG_COMPILER_APPICON_NAME = AppIcon;
				ASSETCATALOG_COMPILER_GLOBAL_ACCENT_COLOR_NAME = AccentColor;
				CODE_SIGN_ENTITLEMENTS = ConstructMessenger/ConstructMessenger.entitlements;
				CODE_SIGN_STYLE = Automatic;
				CURRENT_PROJECT_VERSION = 282;
				DEVELOPMENT_TEAM = PK2473XF3P;
				ENABLE_PREVIEWS = YES;
				GENERATE_INFOPLIST_FILE = YES;
				HEADER_SEARCH_PATHS = "$(PROJECT_DIR)/ConstructMessenger";
				INFOPLIST_FILE = ConstructMessenger/Info.plist;
				INFOPLIST_KEY_BGTaskSchedulerPermittedIdentifiers = "com.construct.message-refresh com.construct.maintenance";
				INFOPLIST_KEY_CFBundleDisplayName = Konstruct;
				INFOPLIST_KEY_DEFAULT_SERVER_URL = "https://ams.kostruct.cc";
				INFOPLIST_KEY_ITSAppUsesNonExemptEncryption = NO;
				INFOPLIST_KEY_LSApplicationCategoryType = "public.app-category.social-networking";
				INFOPLIST_KEY_NSCameraUsageDescription = "Construct Messenger needs access to your camera to send photos and videos.";
				INFOPLIST_KEY_NSFaceIDUsageDescription = "Use Face ID to unlock Construct Messenger.";
				INFOPLIST_KEY_NSLocalNetworkUsageDescription = "Construct Messenger needs access to your local network to check network connectivity and ensure reliable message delivery.";
				INFOPLIST_KEY_NSMicrophoneUsageDescription = "Construct Messenger needs microphone access to record voice messages.";
				INFOPLIST_KEY_NSPhotoLibraryAddUsageDescription = "Construct Messenger needs access to save received photos to your library.";
				INFOPLIST_KEY_NSPhotoLibraryUsageDescription = "Construct Messenger needs access to your photo library to send photos and videos.";
				INFOPLIST_KEY_UIApplicationSceneManifest_Generation = YES;
				INFOPLIST_KEY_UIApplicationSupportsIndirectInputEvents = YES;
				INFOPLIST_KEY_UIBackgroundModes = "fetch remote-notification";
				INFOPLIST_KEY_UILaunchScreen_Generation = YES;
				INFOPLIST_KEY_UISupportedInterfaceOrientations = UIInterfaceOrientationPortrait;
				INFOPLIST_KEY_UISupportedInterfaceOrientations_iPad = "UIInterfaceOrientationLandscapeLeft UIInterfaceOrientationLandscapeRight UIInterfaceOrientationPortrait UIInterfaceOrientationPortraitUpsideDown";
				INFOPLIST_KEY_UIUserInterfaceStyle = Automatic;
				IPHONEOS_DEPLOYMENT_TARGET = 18.5;
				LD_RUNPATH_SEARCH_PATHS = (
					"$(inherited)",
					"@executable_path/Frameworks",
				);
				LIBRARY_SEARCH_PATHS = (
					"$(PROJECT_DIR)",
					"$(PROJECT_DIR)/target/aarch64-apple-ios/release",
					"$(PROJECT_DIR)/target/aarch64-apple-ios-sim/release",
					"$(PROJECT_DIR)/target/aarch64-apple-ios-macabi/release",
				);
				MACOSX_DEPLOYMENT_TARGET = 15.0;
				MARKETING_VERSION = 0.11.21;
				PRODUCT_BUNDLE_IDENTIFIER = maximeliseyev.constructmessenger;
				PRODUCT_NAME = "$(TARGET_NAME)";
				STRING_CATALOG_GENERATE_SYMBOLS = YES;
				SUPPORTED_PLATFORMS = "iphoneos iphonesimulator maccatalyst";
				SUPPORTS_MACCATALYST = NO;
				SUPPORTS_MAC_DESIGNED_FOR_IPHONE_IPAD = NO;
				SUPPORTS_XR_DESIGNED_FOR_IPHONE_IPAD = NO;
				SWIFT_EMIT_LOC_STRINGS = YES;
				SWIFT_INCLUDE_PATHS = "$(PROJECT_DIR)";
				SWIFT_OBJC_BRIDGING_HEADER = "/Users/maximeliseyev/Code/construct-messenger/ConstructMessenger/ConstructMessenger-Bridging-Header.h";
				SWIFT_VERSION = 5.7;
				TARGETED_DEVICE_FAMILY = "1,2,6";
			};
			name = Release;
		};
		BF3DE84F2F62C1C40058C1AA /* Debug */ = {
			isa = XCBuildConfiguration;
			buildSettings = {
				ASSETCATALOG_COMPILER_APPICON_NAME = AppIcon;
				ASSETCATALOG_COMPILER_GLOBAL_ACCENT_COLOR_NAME = AccentColor;
				"CODE_SIGN_IDENTITY[sdk=macosx*]" = "Apple Development";
				CODE_SIGN_STYLE = Automatic;
				COMBINE_HIDPI_IMAGES = YES;
				CURRENT_PROJECT_VERSION = 4;
				DEVELOPMENT_TEAM = PK2473XF3P;
				ENABLE_APP_SANDBOX = YES;
				ENABLE_HARDENED_RUNTIME = YES;
				ENABLE_INCOMING_NETWORK_CONNECTIONS = YES;
				ENABLE_OUTGOING_NETWORK_CONNECTIONS = YES;
				ENABLE_PREVIEWS = YES;
				ENABLE_RESOURCE_ACCESS_AUDIO_INPUT = NO;
				ENABLE_RESOURCE_ACCESS_BLUETOOTH = NO;
				ENABLE_RESOURCE_ACCESS_CALENDARS = NO;
				ENABLE_RESOURCE_ACCESS_CAMERA = YES;
				ENABLE_RESOURCE_ACCESS_CONTACTS = NO;
				ENABLE_RESOURCE_ACCESS_LOCATION = NO;
				ENABLE_RESOURCE_ACCESS_PRINTING = NO;
				ENABLE_RESOURCE_ACCESS_USB = NO;
				ENABLE_USER_SELECTED_FILES = readonly;
				GENERATE_INFOPLIST_FILE = YES;
				INFOPLIST_KEY_CFBundleDisplayName = Konstruct;
				INFOPLIST_KEY_LSApplicationCategoryType = "public.app-category.social-networking";
				INFOPLIST_KEY_NSCameraUsageDescription = "Konstruct needs access to your camera to scan QR codes and add contacts.";
				INFOPLIST_KEY_NSHumanReadableCopyright = "";
				LD_RUNPATH_SEARCH_PATHS = (
					"$(inherited)",
					"@executable_path/../Frameworks",
				);
				MACOSX_DEPLOYMENT_TARGET = 15.0;
				MARKETING_VERSION = 0.1.2;
				PRODUCT_BUNDLE_IDENTIFIER = "maximeliseyev.construct-desktop";
				PRODUCT_NAME = "$(TARGET_NAME)";
				REGISTER_APP_GROUPS = YES;
				SDKROOT = macosx;
				STRING_CATALOG_GENERATE_SYMBOLS = YES;
				SWIFT_EMIT_LOC_STRINGS = YES;
				SWIFT_INCLUDE_PATHS = "$(PROJECT_DIR)";
				SWIFT_OBJC_BRIDGING_HEADER = "ConstructMessenger/ConstructMessenger-Bridging-Header.h";
				SWIFT_UPCOMING_FEATURE_MEMBER_IMPORT_VISIBILITY = YES;
				SWIFT_VERSION = 5.7;
			};
			name = Debug;
		};
		BF3DE8502F62C1C40058C1AA /* Beta */ = {
			isa = XCBuildConfiguration;
			buildSettings = {
				ASSETCATALOG_COMPILER_APPICON_NAME = AppIcon;
				ASSETCATALOG_COMPILER_GLOBAL_ACCENT_COLOR_NAME = AccentColor;
				"CODE_SIGN_IDENTITY[sdk=macosx*]" = "Apple Development";
				CODE_SIGN_STYLE = Automatic;
				COMBINE_HIDPI_IMAGES = YES;
				CURRENT_PROJECT_VERSION = 4;
				DEVELOPMENT_TEAM = PK2473XF3P;
				ENABLE_APP_SANDBOX = YES;
				ENABLE_HARDENED_RUNTIME = YES;
				ENABLE_INCOMING_NETWORK_CONNECTIONS = YES;
				ENABLE_OUTGOING_NETWORK_CONNECTIONS = YES;
				ENABLE_PREVIEWS = YES;
				ENABLE_RESOURCE_ACCESS_AUDIO_INPUT = NO;
				ENABLE_RESOURCE_ACCESS_BLUETOOTH = NO;
				ENABLE_RESOURCE_ACCESS_CALENDARS = NO;
				ENABLE_RESOURCE_ACCESS_CAMERA = YES;
				ENABLE_RESOURCE_ACCESS_CONTACTS = NO;
				ENABLE_RESOURCE_ACCESS_LOCATION = NO;
				ENABLE_RESOURCE_ACCESS_PRINTING = NO;
				ENABLE_RESOURCE_ACCESS_USB = NO;
				ENABLE_USER_SELECTED_FILES = readonly;
				GENERATE_INFOPLIST_FILE = YES;
				INFOPLIST_KEY_CFBundleDisplayName = Konstruct;
				INFOPLIST_KEY_LSApplicationCategoryType = "public.app-category.social-networking";
				INFOPLIST_KEY_NSCameraUsageDescription = "Konstruct needs access to your camera to scan QR codes and add contacts.";
				INFOPLIST_KEY_NSHumanReadableCopyright = "";
				LD_RUNPATH_SEARCH_PATHS = (
					"$(inherited)",
					"@executable_path/../Frameworks",
				);
				MACOSX_DEPLOYMENT_TARGET = 15.0;
				MARKETING_VERSION = 0.1.2;
				PRODUCT_BUNDLE_IDENTIFIER = "maximeliseyev.construct-desktop";
				PRODUCT_NAME = "$(TARGET_NAME)";
				REGISTER_APP_GROUPS = YES;
				SDKROOT = macosx;
				STRING_CATALOG_GENERATE_SYMBOLS = YES;
				SWIFT_EMIT_LOC_STRINGS = YES;
				SWIFT_INCLUDE_PATHS = "$(PROJECT_DIR)";
				SWIFT_OBJC_BRIDGING_HEADER = "ConstructMessenger/ConstructMessenger-Bridging-Header.h";
				SWIFT_UPCOMING_FEATURE_MEMBER_IMPORT_VISIBILITY = YES;
				SWIFT_VERSION = 5.7;
			};
			name = Beta;
		};
		BF3DE8512F62C1C40058C1AA /* Release */ = {
			isa = XCBuildConfiguration;
			buildSettings = {
				ASSETCATALOG_COMPILER_APPICON_NAME = AppIcon;
				ASSETCATALOG_COMPILER_GLOBAL_ACCENT_COLOR_NAME = AccentColor;
				"CODE_SIGN_IDENTITY[sdk=macosx*]" = "Apple Development";
				CODE_SIGN_STYLE = Automatic;
				COMBINE_HIDPI_IMAGES = YES;
				CURRENT_PROJECT_VERSION = 4;
				DEVELOPMENT_TEAM = PK2473XF3P;
				ENABLE_APP_SANDBOX = YES;
				ENABLE_HARDENED_RUNTIME = YES;
				ENABLE_INCOMING_NETWORK_CONNECTIONS = YES;
				ENABLE_OUTGOING_NETWORK_CONNECTIONS = YES;
				ENABLE_PREVIEWS = YES;
				ENABLE_RESOURCE_ACCESS_AUDIO_INPUT = NO;
				ENABLE_RESOURCE_ACCESS_BLUETOOTH = NO;
				ENABLE_RESOURCE_ACCESS_CALENDARS = NO;
				ENABLE_RESOURCE_ACCESS_CAMERA = YES;
				ENABLE_RESOURCE_ACCESS_CONTACTS = NO;
				ENABLE_RESOURCE_ACCESS_LOCATION = NO;
				ENABLE_RESOURCE_ACCESS_PRINTING = NO;
				ENABLE_RESOURCE_ACCESS_USB = NO;
				ENABLE_USER_SELECTED_FILES = readonly;
				GENERATE_INFOPLIST_FILE = YES;
				INFOPLIST_KEY_CFBundleDisplayName = Konstruct;
				INFOPLIST_KEY_LSApplicationCategoryType = "public.app-category.social-networking";
				INFOPLIST_KEY_NSCameraUsageDescription = "Konstruct needs access to your camera to scan QR codes and add contacts.";
				INFOPLIST_KEY_NSHumanReadableCopyright = "";
				LD_RUNPATH_SEARCH_PATHS = (
					"$(inherited)",
					"@executable_path/../Frameworks",
				);
				MACOSX_DEPLOYMENT_TARGET = 15.0;
				MARKETING_VERSION = 0.1.2;
				PRODUCT_BUNDLE_IDENTIFIER = "maximeliseyev.construct-desktop";
				PRODUCT_NAME = "$(TARGET_NAME)";
				REGISTER_APP_GROUPS = YES;
				SDKROOT = macosx;
				STRING_CATALOG_GENERATE_SYMBOLS = YES;
				SWIFT_EMIT_LOC_STRINGS = YES;
				SWIFT_INCLUDE_PATHS = "$(PROJECT_DIR)";
				SWIFT_OBJC_BRIDGING_HEADER = "ConstructMessenger/ConstructMessenger-Bridging-Header.h";
				SWIFT_UPCOMING_FEATURE_MEMBER_IMPORT_VISIBILITY = YES;
				SWIFT_VERSION = 5.7;
			};
			name = Release;
		};
		BF3DE8532F62C1C40058C1AA /* Debug */ = {
			isa = XCBuildConfiguration;
			buildSettings = {
				BUNDLE_LOADER = "$(TEST_HOST)";
				CODE_SIGN_STYLE = Automatic;
				CURRENT_PROJECT_VERSION = 1;
				DEVELOPMENT_TEAM = PK2473XF3P;
				GENERATE_INFOPLIST_FILE = YES;
				MACOSX_DEPLOYMENT_TARGET = 15.7;
				MARKETING_VERSION = 1.0;
				PRODUCT_BUNDLE_IDENTIFIER = "maximeliseyev.Construct-DesktopTests";
				PRODUCT_NAME = "$(TARGET_NAME)";
				SDKROOT = macosx;
				STRING_CATALOG_GENERATE_SYMBOLS = NO;
				SWIFT_APPROACHABLE_CONCURRENCY = YES;
				SWIFT_EMIT_LOC_STRINGS = NO;
				SWIFT_UPCOMING_FEATURE_MEMBER_IMPORT_VISIBILITY = YES;
				SWIFT_VERSION = 5.0;
				TEST_HOST = "$(BUILT_PRODUCTS_DIR)/Construct Desktop.app/$(BUNDLE_EXECUTABLE_FOLDER_PATH)/Construct Desktop";
			};
			name = Debug;
		};
		BF3DE8542F62C1C40058C1AA /* Beta */ = {
			isa = XCBuildConfiguration;
			buildSettings = {
				BUNDLE_LOADER = "$(TEST_HOST)";
				CODE_SIGN_STYLE = Automatic;
				CURRENT_PROJECT_VERSION = 1;
				DEVELOPMENT_TEAM = PK2473XF3P;
				GENERATE_INFOPLIST_FILE = YES;
				MACOSX_DEPLOYMENT_TARGET = 15.7;
				MARKETING_VERSION = 1.0;
				PRODUCT_BUNDLE_IDENTIFIER = "maximeliseyev.Construct-DesktopTests";
				PRODUCT_NAME = "$(TARGET_NAME)";
				SDKROOT = macosx;
				STRING_CATALOG_GENERATE_SYMBOLS = NO;
				SWIFT_APPROACHABLE_CONCURRENCY = YES;
				SWIFT_EMIT_LOC_STRINGS = NO;
				SWIFT_UPCOMING_FEATURE_MEMBER_IMPORT_VISIBILITY = YES;
				SWIFT_VERSION = 5.0;
				TEST_HOST = "$(BUILT_PRODUCTS_DIR)/Construct Desktop.app/$(BUNDLE_EXECUTABLE_FOLDER_PATH)/Construct Desktop";
			};
			name = Beta;
		};
		BF3DE8552F62C1C40058C1AA /* Release */ = {
			isa = XCBuildConfiguration;
			buildSettings = {
				BUNDLE_LOADER = "$(TEST_HOST)";
				CODE_SIGN_STYLE = Automatic;
				CURRENT_PROJECT_VERSION = 1;
				DEVELOPMENT_TEAM = PK2473XF3P;
				GENERATE_INFOPLIST_FILE = YES;
				MACOSX_DEPLOYMENT_TARGET = 15.7;
				MARKETING_VERSION = 1.0;
				PRODUCT_BUNDLE_IDENTIFIER = "maximeliseyev.Construct-DesktopTests";
				PRODUCT_NAME = "$(TARGET_NAME)";
				SDKROOT = macosx;
				STRING_CATALOG_GENERATE_SYMBOLS = NO;
				SWIFT_APPROACHABLE_CONCURRENCY = YES;
				SWIFT_EMIT_LOC_STRINGS = NO;
				SWIFT_UPCOMING_FEATURE_MEMBER_IMPORT_VISIBILITY = YES;
				SWIFT_VERSION = 5.0;
				TEST_HOST = "$(BUILT_PRODUCTS_DIR)/Construct Desktop.app/$(BUNDLE_EXECUTABLE_FOLDER_PATH)/Construct Desktop";
			};
			name = Release;
		};
		BF3DE8572F62C1C40058C1AA /* Debug */ = {
			isa = XCBuildConfiguration;
			buildSettings = {
				CODE_SIGN_STYLE = Automatic;
				CURRENT_PROJECT_VERSION = 1;
				DEVELOPMENT_TEAM = PK2473XF3P;
				GENERATE_INFOPLIST_FILE = YES;
				MACOSX_DEPLOYMENT_TARGET = 15.7;
				MARKETING_VERSION = 1.0;
				PRODUCT_BUNDLE_IDENTIFIER = "maximeliseyev.Construct-DesktopUITests";
				PRODUCT_NAME = "$(TARGET_NAME)";
				SDKROOT = macosx;
				STRING_CATALOG_GENERATE_SYMBOLS = NO;
				SWIFT_APPROACHABLE_CONCURRENCY = YES;
				SWIFT_EMIT_LOC_STRINGS = NO;
				SWIFT_UPCOMING_FEATURE_MEMBER_IMPORT_VISIBILITY = YES;
				SWIFT_VERSION = 5.0;
				TEST_TARGET_NAME = "Construct Desktop";
			};
			name = Debug;
		};
		BF3DE8582F62C1C40058C1AA /* Beta */ = {
			isa = XCBuildConfiguration;
			buildSettings = {
				CODE_SIGN_STYLE = Automatic;
				CURRENT_PROJECT_VERSION = 1;
				DEVELOPMENT_TEAM = PK2473XF3P;
				GENERATE_INFOPLIST_FILE = YES;
				MACOSX_DEPLOYMENT_TARGET = 15.7;
				MARKETING_VERSION = 1.0;
				PRODUCT_BUNDLE_IDENTIFIER = "maximeliseyev.Construct-DesktopUITests";
				PRODUCT_NAME = "$(TARGET_NAME)";
				SDKROOT = macosx;
				STRING_CATALOG_GENERATE_SYMBOLS = NO;
				SWIFT_APPROACHABLE_CONCURRENCY = YES;
				SWIFT_EMIT_LOC_STRINGS = NO;
				SWIFT_UPCOMING_FEATURE_MEMBER_IMPORT_VISIBILITY = YES;
				SWIFT_VERSION = 5.0;
				TEST_TARGET_NAME = "Construct Desktop";
			};
			name = Beta;
		};
		BF3DE8592F62C1C40058C1AA /* Release */ = {
			isa = XCBuildConfiguration;
			buildSettings = {
				CODE_SIGN_STYLE = Automatic;
				CURRENT_PROJECT_VERSION = 1;
				DEVELOPMENT_TEAM = PK2473XF3P;
				GENERATE_INFOPLIST_FILE = YES;
				MACOSX_DEPLOYMENT_TARGET = 15.7;
				MARKETING_VERSION = 1.0;
				PRODUCT_BUNDLE_IDENTIFIER = "maximeliseyev.Construct-DesktopUITests";
				PRODUCT_NAME = "$(TARGET_NAME)";
				SDKROOT = macosx;
				STRING_CATALOG_GENERATE_SYMBOLS = NO;
				SWIFT_APPROACHABLE_CONCURRENCY = YES;
				SWIFT_EMIT_LOC_STRINGS = NO;
				SWIFT_UPCOMING_FEATURE_MEMBER_IMPORT_VISIBILITY = YES;
				SWIFT_VERSION = 5.0;
				TEST_TARGET_NAME = "Construct Desktop";
			};
			name = Release;
		};
		BF8A97012EFF0FAF009C5EF7 /* Debug */ = {
			isa = XCBuildConfiguration;
			baseConfigurationReferenceAnchor = BF103A712EED889800324CEA /* ConstructMessenger */;
			baseConfigurationReferenceRelativePath = Config/Debug.xcconfig;
			buildSettings = {
				BUNDLE_LOADER = "$(TEST_HOST)";
				CODE_SIGN_STYLE = Automatic;
				CURRENT_PROJECT_VERSION = 1;
				DEVELOPMENT_TEAM = PK2473XF3P;
				GENERATE_INFOPLIST_FILE = YES;
				IPHONEOS_DEPLOYMENT_TARGET = 18.5;
				LIBRARY_SEARCH_PATHS = (
					"$(inherited)",
					"$(PROJECT_DIR)",
				);
				MARKETING_VERSION = 1.0;
				PRODUCT_BUNDLE_IDENTIFIER = maximeliseyev.ConstructMessengerTests;
				PRODUCT_NAME = "$(TARGET_NAME)";
				STRING_CATALOG_GENERATE_SYMBOLS = NO;
				SUPPORTED_PLATFORMS = "iphoneos iphonesimulator";
				SUPPORTS_MACCATALYST = NO;
				SUPPORTS_MAC_DESIGNED_FOR_IPHONE_IPAD = NO;
				SUPPORTS_XR_DESIGNED_FOR_IPHONE_IPAD = NO;
				SWIFT_APPROACHABLE_CONCURRENCY = YES;
				SWIFT_EMIT_LOC_STRINGS = NO;
				SWIFT_UPCOMING_FEATURE_MEMBER_IMPORT_VISIBILITY = YES;
				SWIFT_VERSION = 5.0;
				TARGETED_DEVICE_FAMILY = 1;
				TEST_HOST = "$(BUILT_PRODUCTS_DIR)/ConstructMessenger.app/$(BUNDLE_EXECUTABLE_FOLDER_PATH)/ConstructMessenger";
			};
			name = Debug;
		};
		BF8A97022EFF0FAF009C5EF7 /* Release */ = {
			isa = XCBuildConfiguration;
			baseConfigurationReferenceAnchor = BF103A712EED889800324CEA /* ConstructMessenger */;
			baseConfigurationReferenceRelativePath = Config/Release.xcconfig;
			buildSettings = {
				BUNDLE_LOADER = "$(TEST_HOST)";
				CODE_SIGN_STYLE = Automatic;
				CURRENT_PROJECT_VERSION = 1;
				DEVELOPMENT_TEAM = PK2473XF3P;
				GENERATE_INFOPLIST_FILE = YES;
				IPHONEOS_DEPLOYMENT_TARGET = 18.5;
				LIBRARY_SEARCH_PATHS = (
					"$(inherited)",
					"$(PROJECT_DIR)",
				);
				MARKETING_VERSION = 1.0;
				PRODUCT_BUNDLE_IDENTIFIER = maximeliseyev.ConstructMessengerTests;
				PRODUCT_NAME = "$(TARGET_NAME)";
				STRING_CATALOG_GENERATE_SYMBOLS = NO;
				SUPPORTED_PLATFORMS = "iphoneos iphonesimulator";
				SUPPORTS_MACCATALYST = NO;
				SUPPORTS_MAC_DESIGNED_FOR_IPHONE_IPAD = NO;
				SUPPORTS_XR_DESIGNED_FOR_IPHONE_IPAD = NO;
				SWIFT_APPROACHABLE_CONCURRENCY = YES;
				SWIFT_EMIT_LOC_STRINGS = NO;
				SWIFT_UPCOMING_FEATURE_MEMBER_IMPORT_VISIBILITY = YES;
				SWIFT_VERSION = 5.0;
				TARGETED_DEVICE_FAMILY = 1;
				TEST_HOST = "$(BUILT_PRODUCTS_DIR)/ConstructMessenger.app/$(BUNDLE_EXECUTABLE_FOLDER_PATH)/ConstructMessenger";
			};
			name = Release;
		};
		F1164BA82EED889800324CEA /* Beta */ = {
			isa = XCBuildConfiguration;
			baseConfigurationReferenceAnchor = BF103A712EED889800324CEA /* ConstructMessenger */;
			baseConfigurationReferenceRelativePath = Config/Beta.xcconfig;
			buildSettings = {
				ALWAYS_SEARCH_USER_PATHS = NO;
				ASSETCATALOG_COMPILER_GENERATE_SWIFT_ASSET_SYMBOL_EXTENSIONS = YES;
				CLANG_ANALYZER_LOCALIZABILITY_NONLOCALIZED = YES;
				CLANG_ANALYZER_NONNULL = YES;
				CLANG_ANALYZER_NUMBER_OBJECT_CONVERSION = YES_AGGRESSIVE;
				CLANG_CXX_LANGUAGE_STANDARD = "gnu++20";
				CLANG_ENABLE_MODULES = YES;
				CLANG_ENABLE_OBJC_ARC = YES;
				CLANG_ENABLE_OBJC_WEAK = YES;
				CLANG_WARN_BLOCK_CAPTURE_AUTORELEASING = YES;
				CLANG_WARN_BOOL_CONVERSION = YES;
				CLANG_WARN_COMMA = YES;
				CLANG_WARN_CONSTANT_CONVERSION = YES;
				CLANG_WARN_DEPRECATED_OBJC_IMPLEMENTATIONS = YES;
				CLANG_WARN_DIRECT_OBJC_ISA_USAGE = YES_ERROR;
				CLANG_WARN_DOCUMENTATION_COMMENTS = YES;
				CLANG_WARN_EMPTY_BODY = YES;
				CLANG_WARN_ENUM_CONVERSION = YES;
				CLANG_WARN_INFINITE_RECURSION = YES;
				CLANG_WARN_INT_CONVERSION = YES;
				CLANG_WARN_NON_LITERAL_NULL_CONVERSION = YES;
				CLANG_WARN_OBJC_IMPLICIT_RETAIN_SELF = YES;
				CLANG_WARN_OBJC_LITERAL_CONVERSION = YES;
				CLANG_WARN_OBJC_ROOT_CLASS = YES_ERROR;
				CLANG_WARN_QUOTED_INCLUDE_IN_FRAMEWORK_HEADER = YES;
				CLANG_WARN_RANGE_LOOP_ANALYSIS = YES;
				CLANG_WARN_STRICT_PROTOTYPES = YES;
				CLANG_WARN_SUSPICIOUS_MOVE = YES;
				CLANG_WARN_UNGUARDED_AVAILABILITY = YES_AGGRESSIVE;
				CLANG_WARN_UNREACHABLE_CODE = YES;
				CLANG_WARN__DUPLICATE_METHOD_MATCH = YES;
				COPY_PHASE_STRIP = NO;
				DEBUG_INFORMATION_FORMAT = "dwarf-with-dsym";
				DEVELOPMENT_TEAM = PK2473XF3P;
				ENABLE_STRICT_OBJC_MSGSEND = YES;
				ENABLE_USER_SCRIPT_SANDBOXING = YES;
				GCC_C_LANGUAGE_STANDARD = gnu17;
				GCC_NO_COMMON_BLOCKS = YES;
				GCC_WARN_64_TO_32_BIT_CONVERSION = YES;
				GCC_WARN_ABOUT_RETURN_TYPE = YES_ERROR;
				GCC_WARN_UNDECLARED_SELECTOR = YES;
				GCC_WARN_UNINITIALIZED_AUTOS = YES_AGGRESSIVE;
				GCC_WARN_UNUSED_FUNCTION = YES;
				GCC_WARN_UNUSED_VARIABLE = YES;
				IPHONEOS_DEPLOYMENT_TARGET = 26.1;
				LOCALIZATION_PREFERS_STRING_CATALOGS = YES;
				MTL_ENABLE_DEBUG_INFO = NO;
				MTL_FAST_MATH = YES;
				SDKROOT = iphoneos;
				STRING_CATALOG_GENERATE_SYMBOLS = YES;
				SWIFT_ACTIVE_COMPILATION_CONDITIONS = "DEBUG $(inherited)";
				SWIFT_COMPILATION_MODE = wholemodule;
				VALIDATE_PRODUCT = YES;
			};
			name = Beta;
		};
/* End XCBuildConfiguration section */

/* Begin XCConfigurationList section */
		BF103A6A2EED889800324CEA /* Build configuration list for PBXProject "ConstructMessenger" */ = {
			isa = XCConfigurationList;
			buildConfigurations = (
				BF103A7A2EED889800324CEA /* Debug */,
				F1164BA82EED889800324CEA /* Beta */,
				BF103A7B2EED889800324CEA /* Release */,
			);
			defaultConfigurationIsVisible = 0;
			defaultConfigurationName = Release;
		};
		BF103A7C2EED889800324CEA /* Build configuration list for PBXNativeTarget "Construct Messenger" */ = {
			isa = XCConfigurationList;
			buildConfigurations = (
				BF103A7D2EED889800324CEA /* Debug */,
				B0AB8C452EED889800324CEA /* Beta */,
				BF103A7E2EED889800324CEA /* Release */,
			);
			defaultConfigurationIsVisible = 0;
			defaultConfigurationName = Release;
		};
		BF3DE84E2F62C1C40058C1AA /* Build configuration list for PBXNativeTarget "Construct Desktop" */ = {
			isa = XCConfigurationList;
			buildConfigurations = (
				BF3DE84F2F62C1C40058C1AA /* Debug */,
				BF3DE8502F62C1C40058C1AA /* Beta */,
				BF3DE8512F62C1C40058C1AA /* Release */,
			);
			defaultConfigurationIsVisible = 0;
			defaultConfigurationName = Release;
		};
		BF3DE8522F62C1C40058C1AA /* Build configuration list for PBXNativeTarget "Construct DesktopTests" */ = {
			isa = XCConfigurationList;
			buildConfigurations = (
				BF3DE8532F62C1C40058C1AA /* Debug */,
				BF3DE8542F62C1C40058C1AA /* Beta */,
				BF3DE8552F62C1C40058C1AA /* Release */,
			);
			defaultConfigurationIsVisible = 0;
			defaultConfigurationName = Release;
		};
		BF3DE8562F62C1C40058C1AA /* Build configuration list for PBXNativeTarget "Construct DesktopUITests" */ = {
			isa = XCConfigurationList;
			buildConfigurations = (
				BF3DE8572F62C1C40058C1AA /* Debug */,
				BF3DE8582F62C1C40058C1AA /* Beta */,
				BF3DE8592F62C1C40058C1AA /* Release */,
			);
			defaultConfigurationIsVisible = 0;
			defaultConfigurationName = Release;
		};
		BF8A97002EFF0FAF009C5EF7 /* Build configuration list for PBXNativeTarget "ConstructMessengerTests" */ = {
			isa = XCConfigurationList;
			buildConfigurations = (
				BF8A97012EFF0FAF009C5EF7 /* Debug */,
				A6C39B042EED889800324CEA /* Beta */,
				BF8A97022EFF0FAF009C5EF7 /* Release */,
			);
			defaultConfigurationIsVisible = 0;
			defaultConfigurationName = Release;
		};
/* End XCConfigurationList section */

/* Begin XCRemoteSwiftPackageReference section */
		BFCB6D912F7C4C4800C59B83 /* XCRemoteSwiftPackageReference "WebRTC" */ = {
			isa = XCRemoteSwiftPackageReference;
			repositoryURL = "https://github.com/stasel/WebRTC.git";
			requirement = {
				kind = upToNextMajorVersion;
				minimumVersion = 146.0.0;
			};
		};
		BFF6FCF22F4C4CCA00A31F36 /* XCRemoteSwiftPackageReference "grpc-swift-protobuf" */ = {
			isa = XCRemoteSwiftPackageReference;
			repositoryURL = "https://github.com/grpc/grpc-swift-protobuf";
			requirement = {
				kind = upToNextMajorVersion;
				minimumVersion = 2.2.0;
			};
		};
		BFF6FCF72F4C4D6600A31F36 /* XCRemoteSwiftPackageReference "grpc-swift-nio-transport" */ = {
			isa = XCRemoteSwiftPackageReference;
			repositoryURL = "https://github.com/grpc/grpc-swift-nio-transport";
			requirement = {
				kind = upToNextMajorVersion;
				minimumVersion = 2.4.2;
			};
		};
		BFF6FCFE2F4C4E5300A31F36 /* XCRemoteSwiftPackageReference "swift-protobuf" */ = {
			isa = XCRemoteSwiftPackageReference;
			repositoryURL = "https://github.com/apple/swift-protobuf";
			requirement = {
				kind = upToNextMajorVersion;
				minimumVersion = 1.35.0;
			};
		};
		BFF6FD0A2F5C000000A31F36 /* XCRemoteSwiftPackageReference "grpc-swift-2" */ = {
			isa = XCRemoteSwiftPackageReference;
			repositoryURL = "https://github.com/grpc/grpc-swift-2.git";
			requirement = {
				kind = upToNextMajorVersion;
				minimumVersion = 2.2.1;
			};
		};
/* End XCRemoteSwiftPackageReference section */

/* Begin XCSwiftPackageProductDependency section */
		BF3DE8712F62C2000058C1AA /* GRPCCore */ = {
			isa = XCSwiftPackageProductDependency;
			package = BFF6FD0A2F5C000000A31F36 /* XCRemoteSwiftPackageReference "grpc-swift-2" */;
			productName = GRPCCore;
		};
		BF3DE8732F62C2000058C1AA /* GRPCProtobuf */ = {
			isa = XCSwiftPackageProductDependency;
			package = BFF6FCF22F4C4CCA00A31F36 /* XCRemoteSwiftPackageReference "grpc-swift-protobuf" */;
			productName = GRPCProtobuf;
		};
		BF3DE8752F62C2000058C1AA /* GRPCNIOTransportHTTP2 */ = {
			isa = XCSwiftPackageProductDependency;
			package = BFF6FCF72F4C4D6600A31F36 /* XCRemoteSwiftPackageReference "grpc-swift-nio-transport" */;
			productName = GRPCNIOTransportHTTP2;
		};
		BF3DE8772F62C2000058C1AA /* SwiftProtobuf */ = {
			isa = XCSwiftPackageProductDependency;
			package = BFF6FCFE2F4C4E5300A31F36 /* XCRemoteSwiftPackageReference "swift-protobuf" */;
			productName = SwiftProtobuf;
		};
		BFCB6D922F7C4C4800C59B83 /* WebRTC */ = {
			isa = XCSwiftPackageProductDependency;
			package = BFCB6D912F7C4C4800C59B83 /* XCRemoteSwiftPackageReference "WebRTC" */;
			productName = WebRTC;
		};
		BFF6FC9C2F4C3E1F00A31F36 /* GRPCCore */ = {
			isa = XCSwiftPackageProductDependency;
			package = BFF6FD0A2F5C000000A31F36 /* XCRemoteSwiftPackageReference "grpc-swift-2" */;
			productName = GRPCCore;
		};
		BFF6FCF32F4C4CCA00A31F36 /* GRPCProtobuf */ = {
			isa = XCSwiftPackageProductDependency;
			package = BFF6FCF22F4C4CCA00A31F36 /* XCRemoteSwiftPackageReference "grpc-swift-protobuf" */;
			productName = GRPCProtobuf;
		};
		BFF6FCF82F4C4D6600A31F36 /* GRPCNIOTransportHTTP2 */ = {
			isa = XCSwiftPackageProductDependency;
			package = BFF6FCF72F4C4D6600A31F36 /* XCRemoteSwiftPackageReference "grpc-swift-nio-transport" */;
			productName = GRPCNIOTransportHTTP2;
		};
		BFF6FCFF2F4C4E5300A31F36 /* SwiftProtobuf */ = {
			isa = XCSwiftPackageProductDependency;
			package = BFF6FCFE2F4C4E5300A31F36 /* XCRemoteSwiftPackageReference "swift-protobuf" */;
			productName = SwiftProtobuf;
		};
/* End XCSwiftPackageProductDependency section */
	};
	rootObject = BF103A672EED889800324CEA /* Project object */;
}
