// !$*UTF8*$!
{
	archiveVersion = 1;
	classes = {
	};
	objectVersion = 77;
	objects = {

/* Begin PBXBuildFile section */
		BF80FA192EFF1716004D88E1 /* DMMessagePack in Frameworks */ = {isa = PBXBuildFile; productRef = BF80FA182EFF1716004D88E1 /* DMMessagePack */; };
		BF80FA1B2EFF171D004D88E1 /* DMMessagePack in Frameworks */ = {isa = PBXBuildFile; productRef = BF80FA1A2EFF171D004D88E1 /* DMMessagePack */; };
		BF80FA262EFFD11D004D88E1 /* libconstruct_core.a in Frameworks */ = {isa = PBXBuildFile; fileRef = BF80FA252EFFD11D004D88E1 /* libconstruct_core.a */; };
		BF80FA272EFFD11D004D88E1 /* libconstruct_core.a in Frameworks */ = {isa = PBXBuildFile; fileRef = BF80FA252EFFD11D004D88E1 /* libconstruct_core.a */; };
/* End PBXBuildFile section */

/* Begin PBXContainerItemProxy section */
		BF8A96FE2EFF0FAF009C5EF7 /* PBXContainerItemProxy */ = {
			isa = PBXContainerItemProxy;
			containerPortal = BF103A672EED889800324CEA /* Project object */;
			proxyType = 1;
			remoteGlobalIDString = BF103A6E2EED889800324CEA;
			remoteInfo = ConstructMessenger;
		};
/* End PBXContainerItemProxy section */

/* Begin PBXFileReference section */
		BF103A6F2EED889800324CEA /* ConstructMessenger.app */ = {isa = PBXFileReference; explicitFileType = wrapper.application; includeInIndex = 0; path = ConstructMessenger.app; sourceTree = BUILT_PRODUCTS_DIR; };
		BF80FA252EFFD11D004D88E1 /* libconstruct_core.a */ = {isa = PBXFileReference; lastKnownFileType = archive.ar; path = libconstruct_core.a; sourceTree = "<group>"; };
		BF8A96FA2EFF0FAF009C5EF7 /* ConstructMessengerTests.xctest */ = {isa = PBXFileReference; explicitFileType = wrapper.cfbundle; includeInIndex = 0; path = ConstructMessengerTests.xctest; sourceTree = BUILT_PRODUCTS_DIR; };
/* End PBXFileReference section */

/* Begin PBXFileSystemSynchronizedRootGroup section */
		BF103A712EED889800324CEA /* ConstructMessenger */ = {
			isa = PBXFileSystemSynchronizedRootGroup;
			path = ConstructMessenger;
			sourceTree = "<group>";
		};
		BF8A96FB2EFF0FAF009C5EF7 /* ConstructMessengerTests */ = {
			isa = PBXFileSystemSynchronizedRootGroup;
			path = ConstructMessengerTests;
			sourceTree = "<group>";
		};
/* End PBXFileSystemSynchronizedRootGroup section */

/* Begin PBXFrameworksBuildPhase section */
		BF103A6C2EED889800324CEA /* Frameworks */ = {
			isa = PBXFrameworksBuildPhase;
			buildActionMask = 2147483647;
			files = (
				BF80FA1B2EFF171D004D88E1 /* DMMessagePack in Frameworks */,
				BF80FA272EFFD11D004D88E1 /* libconstruct_core.a in Frameworks */,
			);
			runOnlyForDeploymentPostprocessing = 0;
		};
		BF8A96F72EFF0FAF009C5EF7 /* Frameworks */ = {
			isa = PBXFrameworksBuildPhase;
			buildActionMask = 2147483647;
			files = (
				BF80FA192EFF1716004D88E1 /* DMMessagePack in Frameworks */,
				BF80FA262EFFD11D004D88E1 /* libconstruct_core.a in Frameworks */,
			);
			runOnlyForDeploymentPostprocessing = 0;
		};
/* End PBXFrameworksBuildPhase section */

/* Begin PBXGroup section */
		BF103A662EED889800324CEA = {
			isa = PBXGroup;
			children = (
				BF103A712EED889800324CEA /* ConstructMessenger */,
				BF8A96FB2EFF0FAF009C5EF7 /* ConstructMessengerTests */,
				BF5F2DF92EF96B1C00BB01C5 /* Frameworks */,
				BF103A702EED889800324CEA /* Products */,
			);
			sourceTree = "<group>";
		};
		BF103A702EED889800324CEA /* Products */ = {
			isa = PBXGroup;
			children = (
				BF103A6F2EED889800324CEA /* ConstructMessenger.app */,
				BF8A96FA2EFF0FAF009C5EF7 /* ConstructMessengerTests.xctest */,
			);
			name = Products;
			sourceTree = "<group>";
		};
		BF5F2DF92EF96B1C00BB01C5 /* Frameworks */ = {
			isa = PBXGroup;
			children = (
				BF80FA252EFFD11D004D88E1 /* libconstruct_core.a */,
			);
			name = Frameworks;
			sourceTree = "<group>";
		};
/* End PBXGroup section */

/* Begin PBXNativeTarget section */
		BF103A6E2EED889800324CEA /* ConstructMessenger */ = {
			isa = PBXNativeTarget;
			buildConfigurationList = BF103A7C2EED889800324CEA /* Build configuration list for PBXNativeTarget "ConstructMessenger" */;
			buildPhases = (
				BF103A6B2EED889800324CEA /* Sources */,
				BF103A6C2EED889800324CEA /* Frameworks */,
				BF103A6D2EED889800324CEA /* Resources */,
			);
			buildRules = (
			);
			dependencies = (
			);
			fileSystemSynchronizedGroups = (
				BF103A712EED889800324CEA /* ConstructMessenger */,
			);
			name = ConstructMessenger;
			packageProductDependencies = (
				BF80FA1A2EFF171D004D88E1 /* DMMessagePack */,
			);
			productName = "Construct Messenger";
			productReference = BF103A6F2EED889800324CEA /* ConstructMessenger.app */;
			productType = "com.apple.product-type.application";
		};
		BF8A96F92EFF0FAF009C5EF7 /* ConstructMessengerTests */ = {
			isa = PBXNativeTarget;
			buildConfigurationList = BF8A97002EFF0FAF009C5EF7 /* Build configuration list for PBXNativeTarget "ConstructMessengerTests" */;
			buildPhases = (
				BF8A96F62EFF0FAF009C5EF7 /* Sources */,
				BF8A96F72EFF0FAF009C5EF7 /* Frameworks */,
				BF8A96F82EFF0FAF009C5EF7 /* Resources */,
			);
			buildRules = (
			);
			dependencies = (
				BF8A96FF2EFF0FAF009C5EF7 /* PBXTargetDependency */,
			);
			fileSystemSynchronizedGroups = (
				BF8A96FB2EFF0FAF009C5EF7 /* ConstructMessengerTests */,
			);
			name = ConstructMessengerTests;
			packageProductDependencies = (
				BF80FA182EFF1716004D88E1 /* DMMessagePack */,
			);
			productName = ConstructMessengerTests;
			productReference = BF8A96FA2EFF0FAF009C5EF7 /* ConstructMessengerTests.xctest */;
			productType = "com.apple.product-type.bundle.unit-test";
		};
/* End PBXNativeTarget section */

/* Begin PBXProject section */
		BF103A672EED889800324CEA /* Project object */ = {
			isa = PBXProject;
			attributes = {
				BuildIndependentTargetsInParallel = 1;
				LastSwiftUpdateCheck = 2620;
				LastUpgradeCheck = 2620;
				TargetAttributes = {
					BF103A6E2EED889800324CEA = {
						CreatedOnToolsVersion = 26.1.1;
					};
					BF8A96F92EFF0FAF009C5EF7 = {
						CreatedOnToolsVersion = 26.2;
						TestTargetID = BF103A6E2EED889800324CEA;
					};
				};
			};
			buildConfigurationList = BF103A6A2EED889800324CEA /* Build configuration list for PBXProject "ConstructMessenger" */;
			developmentRegion = en;
			hasScannedForEncodings = 0;
			knownRegions = (
				en,
				Base,
			);
			mainGroup = BF103A662EED889800324CEA;
			minimizedProjectReferenceProxies = 1;
			packageReferences = (
				BF8A970A2EFF167E009C5EF7 /* XCRemoteSwiftPackageReference "msgpack-swift" */,
			);
			preferredProjectObjectVersion = 77;
			productRefGroup = BF103A702EED889800324CEA /* Products */;
			projectDirPath = "";
			projectRoot = "";
			targets = (
				BF103A6E2EED889800324CEA /* ConstructMessenger */,
				BF8A96F92EFF0FAF009C5EF7 /* ConstructMessengerTests */,
			);
		};
/* End PBXProject section */

/* Begin PBXResourcesBuildPhase section */
		BF103A6D2EED889800324CEA /* Resources */ = {
			isa = PBXResourcesBuildPhase;
			buildActionMask = 2147483647;
			files = (
			);
			runOnlyForDeploymentPostprocessing = 0;
		};
		BF8A96F82EFF0FAF009C5EF7 /* Resources */ = {
			isa = PBXResourcesBuildPhase;
			buildActionMask = 2147483647;
			files = (
			);
			runOnlyForDeploymentPostprocessing = 0;
		};
/* End PBXResourcesBuildPhase section */

/* Begin PBXSourcesBuildPhase section */
		BF103A6B2EED889800324CEA /* Sources */ = {
			isa = PBXSourcesBuildPhase;
			buildActionMask = 2147483647;
			files = (
			);
			runOnlyForDeploymentPostprocessing = 0;
		};
		BF8A96F62EFF0FAF009C5EF7 /* Sources */ = {
			isa = PBXSourcesBuildPhase;
			buildActionMask = 2147483647;
			files = (
			);
			runOnlyForDeploymentPostprocessing = 0;
		};
/* End PBXSourcesBuildPhase section */

/* Begin PBXTargetDependency section */
		BF8A96FF2EFF0FAF009C5EF7 /* PBXTargetDependency */ = {
			isa = PBXTargetDependency;
			target = BF103A6E2EED889800324CEA /* ConstructMessenger */;
			targetProxy = BF8A96FE2EFF0FAF009C5EF7 /* PBXContainerItemProxy */;
		};
/* End PBXTargetDependency section */

/* Begin XCBuildConfiguration section */
		BF103A7A2EED889800324CEA /* Debug */ = {
			isa = XCBuildConfiguration;
			buildSettings = {
				ALWAYS_SEARCH_USER_PATHS = NO;
				ASSETCATALOG_COMPILER_GENERATE_SWIFT_ASSET_SYMBOL_EXTENSIONS = YES;
				CLANG_ANALYZER_NONNULL = YES;
				CLANG_ANALYZER_NUMBER_OBJECT_CONVERSION = YES_AGGRESSIVE;
				CLANG_CXX_LANGUAGE_STANDARD = "gnu++20";
				CLANG_ENABLE_MODULES = YES;
				CLANG_ENABLE_OBJC_ARC = YES;
				CLANG_ENABLE_OBJC_WEAK = YES;
				CLANG_WARN_BLOCK_CAPTURE_AUTORELEASING = YES;
				CLANG_WARN_BOOL_CONVERSION = YES;
				CLANG_WARN_COMMA = YES;
				CLANG_WARN_CONSTANT_CONVERSION = YES;
				CLANG_WARN_DEPRECATED_OBJC_IMPLEMENTATIONS = YES;
				CLANG_WARN_DIRECT_OBJC_ISA_USAGE = YES_ERROR;
				CLANG_WARN_DOCUMENTATION_COMMENTS = YES;
				CLANG_WARN_EMPTY_BODY = YES;
				CLANG_WARN_ENUM_CONVERSION = YES;
				CLANG_WARN_INFINITE_RECURSION = YES;
				CLANG_WARN_INT_CONVERSION = YES;
				CLANG_WARN_NON_LITERAL_NULL_CONVERSION = YES;
				CLANG_WARN_OBJC_IMPLICIT_RETAIN_SELF = YES;
				CLANG_WARN_OBJC_LITERAL_CONVERSION = YES;
				CLANG_WARN_OBJC_ROOT_CLASS = YES_ERROR;
				CLANG_WARN_QUOTED_INCLUDE_IN_FRAMEWORK_HEADER = YES;
				CLANG_WARN_RANGE_LOOP_ANALYSIS = YES;
				CLANG_WARN_STRICT_PROTOTYPES = YES;
				CLANG_WARN_SUSPICIOUS_MOVE = YES;
				CLANG_WARN_UNGUARDED_AVAILABILITY = YES_AGGRESSIVE;
				CLANG_WARN_UNREACHABLE_CODE = YES;
				CLANG_WARN__DUPLICATE_METHOD_MATCH = YES;
				COPY_PHASE_STRIP = NO;
				DEBUG_INFORMATION_FORMAT = dwarf;
				DEVELOPMENT_TEAM = PK2473XF3P;
				ENABLE_STRICT_OBJC_MSGSEND = YES;
				ENABLE_TESTABILITY = YES;
				ENABLE_USER_SCRIPT_SANDBOXING = YES;
				GCC_C_LANGUAGE_STANDARD = gnu17;
				GCC_DYNAMIC_NO_PIC = NO;
				GCC_NO_COMMON_BLOCKS = YES;
				GCC_OPTIMIZATION_LEVEL = 0;
				GCC_PREPROCESSOR_DEFINITIONS = (
					"DEBUG=1",
					"$(inherited)",
				);
				GCC_WARN_64_TO_32_BIT_CONVERSION = YES;
				GCC_WARN_ABOUT_RETURN_TYPE = YES_ERROR;
				GCC_WARN_UNDECLARED_SELECTOR = YES;
				GCC_WARN_UNINITIALIZED_AUTOS = YES_AGGRESSIVE;
				GCC_WARN_UNUSED_FUNCTION = YES;
				GCC_WARN_UNUSED_VARIABLE = YES;
				IPHONEOS_DEPLOYMENT_TARGET = 26.1;
				LOCALIZATION_PREFERS_STRING_CATALOGS = YES;
				MTL_ENABLE_DEBUG_INFO = INCLUDE_SOURCE;
				MTL_FAST_MATH = YES;
				ONLY_ACTIVE_ARCH = YES;
				SDKROOT = iphoneos;
				STRING_CATALOG_GENERATE_SYMBOLS = YES;
				SWIFT_ACTIVE_COMPILATION_CONDITIONS = "DEBUG $(inherited)";
				SWIFT_OPTIMIZATION_LEVEL = "-Onone";
			};
			name = Debug;
		};
		BF103A7B2EED889800324CEA /* Release */ = {
			isa = XCBuildConfiguration;
			buildSettings = {
				ALWAYS_SEARCH_USER_PATHS = NO;
				ASSETCATALOG_COMPILER_GENERATE_SWIFT_ASSET_SYMBOL_EXTENSIONS = YES;
				CLANG_ANALYZER_NONNULL = YES;
				CLANG_ANALYZER_NUMBER_OBJECT_CONVERSION = YES_AGGRESSIVE;
				CLANG_CXX_LANGUAGE_STANDARD = "gnu++20";
				CLANG_ENABLE_MODULES = YES;
				CLANG_ENABLE_OBJC_ARC = YES;
				CLANG_ENABLE_OBJC_WEAK = YES;
				CLANG_WARN_BLOCK_CAPTURE_AUTORELEASING = YES;
				CLANG_WARN_BOOL_CONVERSION = YES;
				CLANG_WARN_COMMA = YES;
				CLANG_WARN_CONSTANT_CONVERSION = YES;
				CLANG_WARN_DEPRECATED_OBJC_IMPLEMENTATIONS = YES;
				CLANG_WARN_DIRECT_OBJC_ISA_USAGE = YES_ERROR;
				CLANG_WARN_DOCUMENTATION_COMMENTS = YES;
				CLANG_WARN_EMPTY_BODY = YES;
				CLANG_WARN_ENUM_CONVERSION = YES;
				CLANG_WARN_INFINITE_RECURSION = YES;
				CLANG_WARN_INT_CONVERSION = YES;
				CLANG_WARN_NON_LITERAL_NULL_CONVERSION = YES;
				CLANG_WARN_OBJC_IMPLICIT_RETAIN_SELF = YES;
				CLANG_WARN_OBJC_LITERAL_CONVERSION = YES;
				CLANG_WARN_OBJC_ROOT_CLASS = YES_ERROR;
				CLANG_WARN_QUOTED_INCLUDE_IN_FRAMEWORK_HEADER = YES;
				CLANG_WARN_RANGE_LOOP_ANALYSIS = YES;
				CLANG_WARN_STRICT_PROTOTYPES = YES;
				CLANG_WARN_SUSPICIOUS_MOVE = YES;
				CLANG_WARN_UNGUARDED_AVAILABILITY = YES_AGGRESSIVE;
				CLANG_WARN_UNREACHABLE_CODE = YES;
				CLANG_WARN__DUPLICATE_METHOD_MATCH = YES;
				COPY_PHASE_STRIP = NO;
				DEBUG_INFORMATION_FORMAT = "dwarf-with-dsym";
				DEVELOPMENT_TEAM = PK2473XF3P;
				ENABLE_NS_ASSERTIONS = NO;
				ENABLE_STRICT_OBJC_MSGSEND = YES;
				ENABLE_USER_SCRIPT_SANDBOXING = YES;
				GCC_C_LANGUAGE_STANDARD = gnu17;
				GCC_NO_COMMON_BLOCKS = YES;
				GCC_WARN_64_TO_32_BIT_CONVERSION = YES;
				GCC_WARN_ABOUT_RETURN_TYPE = YES_ERROR;
				GCC_WARN_UNDECLARED_SELECTOR = YES;
				GCC_WARN_UNINITIALIZED_AUTOS = YES_AGGRESSIVE;
				GCC_WARN_UNUSED_FUNCTION = YES;
				GCC_WARN_UNUSED_VARIABLE = YES;
				IPHONEOS_DEPLOYMENT_TARGET = 26.1;
				LOCALIZATION_PREFERS_STRING_CATALOGS = YES;
				MTL_ENABLE_DEBUG_INFO = NO;
				MTL_FAST_MATH = YES;
				SDKROOT = iphoneos;
				STRING_CATALOG_GENERATE_SYMBOLS = YES;
				SWIFT_COMPILATION_MODE = wholemodule;
				VALIDATE_PRODUCT = YES;
			};
			name = Release;
		};
		BF103A7D2EED889800324CEA /* Debug */ = {
			isa = XCBuildConfiguration;
			buildSettings = {
				ASSETCATALOG_COMPILER_APPICON_NAME = AppIcon;
				ASSETCATALOG_COMPILER_GLOBAL_ACCENT_COLOR_NAME = AccentColor;
				CODE_SIGN_STYLE = Automatic;
				CURRENT_PROJECT_VERSION = 4;
				DEVELOPMENT_TEAM = PK2473XF3P;
				ENABLE_PREVIEWS = YES;
				GENERATE_INFOPLIST_FILE = YES;
				HEADER_SEARCH_PATHS = "$(PROJECT_DIR)/ConstructMessenger";
				INFOPLIST_KEY_CFBundleDisplayName = Construct;
				INFOPLIST_KEY_ITSAppUsesNonExemptEncryption = NO;
				INFOPLIST_KEY_LSApplicationCategoryType = "public.app-category.social-networking";
				INFOPLIST_KEY_UIApplicationSceneManifest_Generation = YES;
				INFOPLIST_KEY_UIApplicationSupportsIndirectInputEvents = YES;
				INFOPLIST_KEY_UILaunchScreen_Generation = YES;
				INFOPLIST_KEY_UISupportedInterfaceOrientations = "UIInterfaceOrientationLandscapeLeft UIInterfaceOrientationLandscapeRight UIInterfaceOrientationPortrait UIInterfaceOrientationPortraitUpsideDown";
				IPHONEOS_DEPLOYMENT_TARGET = 16.6;
				LD_RUNPATH_SEARCH_PATHS = (
					"$(inherited)",
					"@executable_path/Frameworks",
				);
				LIBRARY_SEARCH_PATHS = (
					"$(PROJECT_DIR)/target/aarch64-apple-ios-sim/release",
					"$(PROJECT_DIR)/target/x86_64-apple-ios/release",
					"$(PROJECT_DIR)/target/aarch64-apple-ios/release",
					"$(PROJECT_DIR)",
				);
				MARKETING_VERSION = 0.1.3;
				PRODUCT_BUNDLE_IDENTIFIER = maximeliseyev.constructmessenger;
				PRODUCT_NAME = "$(TARGET_NAME)";
				STRING_CATALOG_GENERATE_SYMBOLS = YES;
				SWIFT_EMIT_LOC_STRINGS = YES;
				SWIFT_INCLUDE_PATHS = "$(PROJECT_DIR)";
				SWIFT_OBJC_BRIDGING_HEADER = "/Users/maximeliseyev/Code/construct-messenger/ConstructMessenger/ConstructMessenger-Bridging-Header.h";
				SWIFT_VERSION = 5.7;
				TARGETED_DEVICE_FAMILY = "1,2";
			};
			name = Debug;
		};
		BF103A7E2EED889800324CEA /* Release */ = {
			isa = XCBuildConfiguration;
			buildSettings = {
				ASSETCATALOG_COMPILER_APPICON_NAME = AppIcon;
				ASSETCATALOG_COMPILER_GLOBAL_ACCENT_COLOR_NAME = AccentColor;
				CODE_SIGN_STYLE = Automatic;
				CURRENT_PROJECT_VERSION = 4;
				DEVELOPMENT_TEAM = PK2473XF3P;
				ENABLE_PREVIEWS = YES;
				GENERATE_INFOPLIST_FILE = YES;
				HEADER_SEARCH_PATHS = "$(PROJECT_DIR)/ConstructMessenger";
				INFOPLIST_KEY_CFBundleDisplayName = Construct;
				INFOPLIST_KEY_ITSAppUsesNonExemptEncryption = NO;
				INFOPLIST_KEY_LSApplicationCategoryType = "public.app-category.social-networking";
				INFOPLIST_KEY_UIApplicationSceneManifest_Generation = YES;
				INFOPLIST_KEY_UIApplicationSupportsIndirectInputEvents = YES;
				INFOPLIST_KEY_UILaunchScreen_Generation = YES;
				INFOPLIST_KEY_UISupportedInterfaceOrientations = "UIInterfaceOrientationLandscapeLeft UIInterfaceOrientationLandscapeRight UIInterfaceOrientationPortrait UIInterfaceOrientationPortraitUpsideDown";
				IPHONEOS_DEPLOYMENT_TARGET = 16.6;
				LD_RUNPATH_SEARCH_PATHS = (
					"$(inherited)",
					"@executable_path/Frameworks",
				);
				LIBRARY_SEARCH_PATHS = (
					"$(PROJECT_DIR)/target/aarch64-apple-ios-sim/release",
					"$(PROJECT_DIR)/target/x86_64-apple-ios/release",
					"$(PROJECT_DIR)/target/aarch64-apple-ios/release",
					"$(PROJECT_DIR)",
				);
				MARKETING_VERSION = 0.1.3;
				PRODUCT_BUNDLE_IDENTIFIER = maximeliseyev.constructmessenger;
				PRODUCT_NAME = "$(TARGET_NAME)";
				STRING_CATALOG_GENERATE_SYMBOLS = YES;
				SWIFT_EMIT_LOC_STRINGS = YES;
				SWIFT_INCLUDE_PATHS = "$(PROJECT_DIR)";
				SWIFT_OBJC_BRIDGING_HEADER = "/Users/maximeliseyev/Code/construct-messenger/ConstructMessenger/ConstructMessenger-Bridging-Header.h";
				SWIFT_VERSION = 5.7;
				TARGETED_DEVICE_FAMILY = "1,2";
			};
			name = Release;
		};
		BF8A97012EFF0FAF009C5EF7 /* Debug */ = {
			isa = XCBuildConfiguration;
			buildSettings = {
				BUNDLE_LOADER = "$(TEST_HOST)";
				CODE_SIGN_STYLE = Automatic;
				CURRENT_PROJECT_VERSION = 1;
				DEVELOPMENT_TEAM = PK2473XF3P;
				GENERATE_INFOPLIST_FILE = YES;
				IPHONEOS_DEPLOYMENT_TARGET = 16.6;
				LIBRARY_SEARCH_PATHS = (
					"$(inherited)",
					"$(PROJECT_DIR)",
				);
				MARKETING_VERSION = 1.0;
				PRODUCT_BUNDLE_IDENTIFIER = maximeliseyev.ConstructMessengerTests;
				PRODUCT_NAME = "$(TARGET_NAME)";
				STRING_CATALOG_GENERATE_SYMBOLS = NO;
				SWIFT_APPROACHABLE_CONCURRENCY = YES;
				SWIFT_EMIT_LOC_STRINGS = NO;
				SWIFT_UPCOMING_FEATURE_MEMBER_IMPORT_VISIBILITY = YES;
				SWIFT_VERSION = 5.0;
				TARGETED_DEVICE_FAMILY = "1,2";
				TEST_HOST = "$(BUILT_PRODUCTS_DIR)/ConstructMessenger.app/$(BUNDLE_EXECUTABLE_FOLDER_PATH)/ConstructMessenger";
			};
			name = Debug;
		};
		BF8A97022EFF0FAF009C5EF7 /* Release */ = {
			isa = XCBuildConfiguration;
			buildSettings = {
				BUNDLE_LOADER = "$(TEST_HOST)";
				CODE_SIGN_STYLE = Automatic;
				CURRENT_PROJECT_VERSION = 1;
				DEVELOPMENT_TEAM = PK2473XF3P;
				GENERATE_INFOPLIST_FILE = YES;
				IPHONEOS_DEPLOYMENT_TARGET = 16.6;
				LIBRARY_SEARCH_PATHS = (
					"$(inherited)",
					"$(PROJECT_DIR)",
				);
				MARKETING_VERSION = 1.0;
				PRODUCT_BUNDLE_IDENTIFIER = maximeliseyev.ConstructMessengerTests;
				PRODUCT_NAME = "$(TARGET_NAME)";
				STRING_CATALOG_GENERATE_SYMBOLS = NO;
				SWIFT_APPROACHABLE_CONCURRENCY = YES;
				SWIFT_EMIT_LOC_STRINGS = NO;
				SWIFT_UPCOMING_FEATURE_MEMBER_IMPORT_VISIBILITY = YES;
				SWIFT_VERSION = 5.0;
				TARGETED_DEVICE_FAMILY = "1,2";
				TEST_HOST = "$(BUILT_PRODUCTS_DIR)/ConstructMessenger.app/$(BUNDLE_EXECUTABLE_FOLDER_PATH)/ConstructMessenger";
			};
			name = Release;
		};
/* End XCBuildConfiguration section */

/* Begin XCConfigurationList section */
		BF103A6A2EED889800324CEA /* Build configuration list for PBXProject "ConstructMessenger" */ = {
			isa = XCConfigurationList;
			buildConfigurations = (
				BF103A7A2EED889800324CEA /* Debug */,
				BF103A7B2EED889800324CEA /* Release */,
			);
			defaultConfigurationIsVisible = 0;
			defaultConfigurationName = Release;
		};
		BF103A7C2EED889800324CEA /* Build configuration list for PBXNativeTarget "ConstructMessenger" */ = {
			isa = XCConfigurationList;
			buildConfigurations = (
				BF103A7D2EED889800324CEA /* Debug */,
				BF103A7E2EED889800324CEA /* Release */,
			);
			defaultConfigurationIsVisible = 0;
			defaultConfigurationName = Release;
		};
		BF8A97002EFF0FAF009C5EF7 /* Build configuration list for PBXNativeTarget "ConstructMessengerTests" */ = {
			isa = XCConfigurationList;
			buildConfigurations = (
				BF8A97012EFF0FAF009C5EF7 /* Debug */,
				BF8A97022EFF0FAF009C5EF7 /* Release */,
			);
			defaultConfigurationIsVisible = 0;
			defaultConfigurationName = Release;
		};
/* End XCConfigurationList section */

/* Begin XCRemoteSwiftPackageReference section */
		BF8A970A2EFF167E009C5EF7 /* XCRemoteSwiftPackageReference "msgpack-swift" */ = {
			isa = XCRemoteSwiftPackageReference;
			repositoryURL = "https://github.com/fumoboy007/msgpack-swift.git";
			requirement = {
				kind = upToNextMajorVersion;
				minimumVersion = 2.0.6;
			};
		};
/* End XCRemoteSwiftPackageReference section */

/* Begin XCSwiftPackageProductDependency section */
		BF80FA182EFF1716004D88E1 /* DMMessagePack */ = {
			isa = XCSwiftPackageProductDependency;
			package = BF8A970A2EFF167E009C5EF7 /* XCRemoteSwiftPackageReference "msgpack-swift" */;
			productName = DMMessagePack;
		};
		BF80FA1A2EFF171D004D88E1 /* DMMessagePack */ = {
			isa = XCSwiftPackageProductDependency;
			package = BF8A970A2EFF167E009C5EF7 /* XCRemoteSwiftPackageReference "msgpack-swift" */;
			productName = DMMessagePack;
		};
/* End XCSwiftPackageProductDependency section */
	};
	rootObject = BF103A672EED889800324CEA /* Project object */;
}
